// !$*UTF8*$!
{
	archiveVersion = 1;
	classes = {
	};
	objectVersion = 46;
	objects = {

/* Begin PBXBuildFile section */
		83FB3DA1709A6C7AE568942F /* Pods.framework in Frameworks */ = {isa = PBXBuildFile; fileRef = 686D40300D21FE8C3D48D85E /* Pods.framework */; };
		A11441171C5B000200B75FB8 /* Constants.swift in Sources */ = {isa = PBXBuildFile; fileRef = A11440701C5B000200B75FB8 /* Constants.swift */; };
		A11441181C5B000200B75FB8 /* Enumerate.swift in Sources */ = {isa = PBXBuildFile; fileRef = A11440731C5B000200B75FB8 /* Enumerate.swift */; };
		A11441191C5B000200B75FB8 /* Protocol.swift in Sources */ = {isa = PBXBuildFile; fileRef = A11440751C5B000200B75FB8 /* Protocol.swift */; };
		A114411A1C5B000200B75FB8 /* CoreAnimationExtension.swift in Sources */ = {isa = PBXBuildFile; fileRef = A11440771C5B000200B75FB8 /* CoreAnimationExtension.swift */; };
		A114411B1C5B000200B75FB8 /* CoreGraphicsExtension.swift in Sources */ = {isa = PBXBuildFile; fileRef = A11440781C5B000200B75FB8 /* CoreGraphicsExtension.swift */; };
		A114411C1C5B000200B75FB8 /* FoundationExtension.swift in Sources */ = {isa = PBXBuildFile; fileRef = A11440791C5B000200B75FB8 /* FoundationExtension.swift */; };
		A114411D1C5B000200B75FB8 /* OtherExtension.swift in Sources */ = {isa = PBXBuildFile; fileRef = A114407A1C5B000200B75FB8 /* OtherExtension.swift */; };
		A114411E1C5B000200B75FB8 /* SwiftExtension.swift in Sources */ = {isa = PBXBuildFile; fileRef = A114407B1C5B000200B75FB8 /* SwiftExtension.swift */; };
		A114411F1C5B000200B75FB8 /* UIKitExtension.swift in Sources */ = {isa = PBXBuildFile; fileRef = A114407C1C5B000200B75FB8 /* UIKitExtension.swift */; };
		A11441201C5B000200B75FB8 /* Localization.strings in Resources */ = {isa = PBXBuildFile; fileRef = A114407E1C5B000200B75FB8 /* Localization.strings */; };
		A11441211C5B000200B75FB8 /* Localization.swift in Sources */ = {isa = PBXBuildFile; fileRef = A11440801C5B000200B75FB8 /* Localization.swift */; };
		A11441221C5B000200B75FB8 /* LocationHandler.swift in Sources */ = {isa = PBXBuildFile; fileRef = A11440881C5B000200B75FB8 /* LocationHandler.swift */; };
		A11441231C5B000200B75FB8 /* SystemHelper.swift in Sources */ = {isa = PBXBuildFile; fileRef = A114408B1C5B000200B75FB8 /* SystemHelper.swift */; };
		A11441241C5B000200B75FB8 /* UserModel.swift in Sources */ = {isa = PBXBuildFile; fileRef = A114408E1C5B000200B75FB8 /* UserModel.swift */; };
		A11441251C5B000200B75FB8 /* HttpTableViewCell.swift in Sources */ = {isa = PBXBuildFile; fileRef = A11440911C5B000200B75FB8 /* HttpTableViewCell.swift */; };
		A11441261C5B000200B75FB8 /* HttpTableViewCell.xib in Resources */ = {isa = PBXBuildFile; fileRef = A11440921C5B000200B75FB8 /* HttpTableViewCell.xib */; };
		A11441271C5B000200B75FB8 /* JZQRCodeScanningMaskView.swift in Sources */ = {isa = PBXBuildFile; fileRef = A11440941C5B000200B75FB8 /* JZQRCodeScanningMaskView.swift */; };
		A11441281C5B000200B75FB8 /* JZQRCodeScanningMaskView.xib in Resources */ = {isa = PBXBuildFile; fileRef = A11440951C5B000200B75FB8 /* JZQRCodeScanningMaskView.xib */; };
		A11441291C5B000200B75FB8 /* GuideViewController.swift in Sources */ = {isa = PBXBuildFile; fileRef = A11440981C5B000200B75FB8 /* GuideViewController.swift */; };
		A114412A1C5B000200B75FB8 /* GuideViewController.xib in Resources */ = {isa = PBXBuildFile; fileRef = A11440991C5B000200B75FB8 /* GuideViewController.xib */; };
		A114412B1C5B000200B75FB8 /* HttpViewController.swift in Sources */ = {isa = PBXBuildFile; fileRef = A114409A1C5B000200B75FB8 /* HttpViewController.swift */; };
		A114412C1C5B000200B75FB8 /* HttpViewController.xib in Resources */ = {isa = PBXBuildFile; fileRef = A114409B1C5B000200B75FB8 /* HttpViewController.xib */; };
		A114412D1C5B000200B75FB8 /* CalendarViewTestingViewController.swift in Sources */ = {isa = PBXBuildFile; fileRef = A114409D1C5B000200B75FB8 /* CalendarViewTestingViewController.swift */; };
		A114412E1C5B000200B75FB8 /* CalendarViewTestingViewController.xib in Resources */ = {isa = PBXBuildFile; fileRef = A114409E1C5B000200B75FB8 /* CalendarViewTestingViewController.xib */; };
		A114412F1C5B000200B75FB8 /* CardSwitchingTestingViewController.swift in Sources */ = {isa = PBXBuildFile; fileRef = A114409F1C5B000200B75FB8 /* CardSwitchingTestingViewController.swift */; };
		A11441301C5B000200B75FB8 /* CardSwitchingTestingViewController.xib in Resources */ = {isa = PBXBuildFile; fileRef = A11440A01C5B000200B75FB8 /* CardSwitchingTestingViewController.xib */; };
		A11441311C5B000200B75FB8 /* CarouselTestingViewController.swift in Sources */ = {isa = PBXBuildFile; fileRef = A11440A11C5B000200B75FB8 /* CarouselTestingViewController.swift */; };
		A11441321C5B000200B75FB8 /* CarouselTestingViewController.xib in Resources */ = {isa = PBXBuildFile; fileRef = A11440A21C5B000200B75FB8 /* CarouselTestingViewController.xib */; };
		A11441331C5B000200B75FB8 /* CollapsibleSectionTestingViewController.swift in Sources */ = {isa = PBXBuildFile; fileRef = A11440A31C5B000200B75FB8 /* CollapsibleSectionTestingViewController.swift */; };
		A11441341C5B000200B75FB8 /* CollapsibleSectionTestingViewController.xib in Resources */ = {isa = PBXBuildFile; fileRef = A11440A41C5B000200B75FB8 /* CollapsibleSectionTestingViewController.xib */; };
		A11441351C5B000200B75FB8 /* DropdownMenuTestViewController.swift in Sources */ = {isa = PBXBuildFile; fileRef = A11440A51C5B000200B75FB8 /* DropdownMenuTestViewController.swift */; };
		A11441361C5B000200B75FB8 /* DropdownMenuTestViewController.xib in Resources */ = {isa = PBXBuildFile; fileRef = A11440A61C5B000200B75FB8 /* DropdownMenuTestViewController.xib */; };
		A11441371C5B000200B75FB8 /* GridViewTestingViewController.swift in Sources */ = {isa = PBXBuildFile; fileRef = A11440A71C5B000200B75FB8 /* GridViewTestingViewController.swift */; };
		A11441381C5B000200B75FB8 /* GridViewTestingViewController.xib in Resources */ = {isa = PBXBuildFile; fileRef = A11440A81C5B000200B75FB8 /* GridViewTestingViewController.xib */; };
		A11441391C5B000200B75FB8 /* JRDualLinkageViewController.swift in Sources */ = {isa = PBXBuildFile; fileRef = A11440A91C5B000200B75FB8 /* JRDualLinkageViewController.swift */; };
		A114413A1C5B000200B75FB8 /* MultiMenuTestingViewController.swift in Sources */ = {isa = PBXBuildFile; fileRef = A11440AA1C5B000200B75FB8 /* MultiMenuTestingViewController.swift */; };
		A114413B1C5B000200B75FB8 /* MultiMenuTestingViewController.xib in Resources */ = {isa = PBXBuildFile; fileRef = A11440AB1C5B000200B75FB8 /* MultiMenuTestingViewController.xib */; };
		A114413C1C5B000200B75FB8 /* PhotoBrowserTestingViewController.swift in Sources */ = {isa = PBXBuildFile; fileRef = A11440AC1C5B000200B75FB8 /* PhotoBrowserTestingViewController.swift */; };
		A114413D1C5B000200B75FB8 /* PhotoBrowserTestingViewController.xib in Resources */ = {isa = PBXBuildFile; fileRef = A11440AD1C5B000200B75FB8 /* PhotoBrowserTestingViewController.xib */; };
		A114413E1C5B000200B75FB8 /* ProgressBarTestingViewController.swift in Sources */ = {isa = PBXBuildFile; fileRef = A11440AE1C5B000200B75FB8 /* ProgressBarTestingViewController.swift */; };
		A114413F1C5B000200B75FB8 /* ProgressBarTestingViewController.xib in Resources */ = {isa = PBXBuildFile; fileRef = A11440AF1C5B000200B75FB8 /* ProgressBarTestingViewController.xib */; };
		A11441401C5B000200B75FB8 /* RatingViewController.swift in Sources */ = {isa = PBXBuildFile; fileRef = A11440B01C5B000200B75FB8 /* RatingViewController.swift */; };
		A11441411C5B000200B75FB8 /* RatingViewController.xib in Resources */ = {isa = PBXBuildFile; fileRef = A11440B11C5B000200B75FB8 /* RatingViewController.xib */; };
		A11441421C5B000200B75FB8 /* ReadingViewTestingViewController.swift in Sources */ = {isa = PBXBuildFile; fileRef = A11440B21C5B000200B75FB8 /* ReadingViewTestingViewController.swift */; };
		A11441431C5B000200B75FB8 /* ReadingViewTestingViewController.xib in Resources */ = {isa = PBXBuildFile; fileRef = A11440B31C5B000200B75FB8 /* ReadingViewTestingViewController.xib */; };
		A11441441C5B000200B75FB8 /* SettingViewController.swift in Sources */ = {isa = PBXBuildFile; fileRef = A11440B41C5B000200B75FB8 /* SettingViewController.swift */; };
		A11441451C5B000200B75FB8 /* SettingViewController.xib in Resources */ = {isa = PBXBuildFile; fileRef = A11440B51C5B000200B75FB8 /* SettingViewController.xib */; };
		A11441461C5B000200B75FB8 /* TabBarViewController.swift in Sources */ = {isa = PBXBuildFile; fileRef = A11440B71C5B000200B75FB8 /* TabBarViewController.swift */; };
		A11441471C5B000200B75FB8 /* TabBarViewController.xib in Resources */ = {isa = PBXBuildFile; fileRef = A11440B81C5B000200B75FB8 /* TabBarViewController.xib */; };
		A11441481C5B000200B75FB8 /* TestingViewController.swift in Sources */ = {isa = PBXBuildFile; fileRef = A11440B91C5B000200B75FB8 /* TestingViewController.swift */; };
		A11441491C5B000200B75FB8 /* TestingViewController.xib in Resources */ = {isa = PBXBuildFile; fileRef = A11440BA1C5B000200B75FB8 /* TestingViewController.xib */; };
		A114414A1C5B000200B75FB8 /* WebViewTestViewController.swift in Sources */ = {isa = PBXBuildFile; fileRef = A11440BB1C5B000200B75FB8 /* WebViewTestViewController.swift */; };
		A114414B1C5B000200B75FB8 /* WebViewTestViewController.xib in Resources */ = {isa = PBXBuildFile; fileRef = A11440BC1C5B000200B75FB8 /* WebViewTestViewController.xib */; };
		A114414C1C5B000200B75FB8 /* RootViewController.swift in Sources */ = {isa = PBXBuildFile; fileRef = A11440BE1C5B000200B75FB8 /* RootViewController.swift */; };
		A114414D1C5B000200B75FB8 /* ResetPasswordViewController.swift in Sources */ = {isa = PBXBuildFile; fileRef = A11440C01C5B000200B75FB8 /* ResetPasswordViewController.swift */; };
		A114414E1C5B000200B75FB8 /* ResetPasswordViewController.xib in Resources */ = {isa = PBXBuildFile; fileRef = A11440C11C5B000200B75FB8 /* ResetPasswordViewController.xib */; };
		A114414F1C5B000200B75FB8 /* SignInViewController.swift in Sources */ = {isa = PBXBuildFile; fileRef = A11440C21C5B000200B75FB8 /* SignInViewController.swift */; };
		A11441501C5B000200B75FB8 /* SignInViewController.xib in Resources */ = {isa = PBXBuildFile; fileRef = A11440C31C5B000200B75FB8 /* SignInViewController.xib */; };
		A11441511C5B000200B75FB8 /* SignUpViewController.swift in Sources */ = {isa = PBXBuildFile; fileRef = A11440C41C5B000200B75FB8 /* SignUpViewController.swift */; };
		A11441521C5B000200B75FB8 /* SignUpViewController.xib in Resources */ = {isa = PBXBuildFile; fileRef = A11440C51C5B000200B75FB8 /* SignUpViewController.xib */; };
		A11441531C5B000200B75FB8 /* JZProgressBar.m in Sources */ = {isa = PBXBuildFile; fileRef = A11440CA1C5B000200B75FB8 /* JZProgressBar.m */; };
		A11441541C5B000200B75FB8 /* JZTabMenuBar.m in Sources */ = {isa = PBXBuildFile; fileRef = A11440CD1C5B000200B75FB8 /* JZTabMenuBar.m */; };
		A11441551C5B000200B75FB8 /* JRCalendarCommon.swift in Sources */ = {isa = PBXBuildFile; fileRef = A11440D11C5B000200B75FB8 /* JRCalendarCommon.swift */; };
		A11441561C5B000200B75FB8 /* JRCalendarDayModel.swift in Sources */ = {isa = PBXBuildFile; fileRef = A11440D21C5B000200B75FB8 /* JRCalendarDayModel.swift */; };
		A11441571C5B000200B75FB8 /* JRCalendarGridView.swift in Sources */ = {isa = PBXBuildFile; fileRef = A11440D31C5B000200B75FB8 /* JRCalendarGridView.swift */; };
		A11441581C5B000200B75FB8 /* JRCalendarGridViewTile.swift in Sources */ = {isa = PBXBuildFile; fileRef = A11440D41C5B000200B75FB8 /* JRCalendarGridViewTile.swift */; };
		A11441591C5B000200B75FB8 /* JRCalendarModel.swift in Sources */ = {isa = PBXBuildFile; fileRef = A11440D51C5B000200B75FB8 /* JRCalendarModel.swift */; };
		A114415A1C5B000200B75FB8 /* JRCalendarPickerView.xib in Resources */ = {isa = PBXBuildFile; fileRef = A11440D61C5B000200B75FB8 /* JRCalendarPickerView.xib */; };
		A114415B1C5B000200B75FB8 /* JRCalendarView.swift in Sources */ = {isa = PBXBuildFile; fileRef = A11440D71C5B000200B75FB8 /* JRCalendarView.swift */; };
		A114415C1C5B000200B75FB8 /* JRMonthPicker.swift in Sources */ = {isa = PBXBuildFile; fileRef = A11440D81C5B000200B75FB8 /* JRMonthPicker.swift */; };
		A114415D1C5B000200B75FB8 /* NSDateExtension.swift in Sources */ = {isa = PBXBuildFile; fileRef = A11440D91C5B000200B75FB8 /* NSDateExtension.swift */; };
		A114415E1C5B000200B75FB8 /* JRCardSwitchingView.swift in Sources */ = {isa = PBXBuildFile; fileRef = A11440DB1C5B000200B75FB8 /* JRCardSwitchingView.swift */; };
		A114415F1C5B000200B75FB8 /* JRCarouselView.swift in Sources */ = {isa = PBXBuildFile; fileRef = A11440DD1C5B000200B75FB8 /* JRCarouselView.swift */; };
		A11441601C5B000200B75FB8 /* JRCollapsibleTableViewCell.swift in Sources */ = {isa = PBXBuildFile; fileRef = A11440DF1C5B000200B75FB8 /* JRCollapsibleTableViewCell.swift */; };
		A11441611C5B000200B75FB8 /* JRCollapsibleTableViewCell.xib in Resources */ = {isa = PBXBuildFile; fileRef = A11440E01C5B000200B75FB8 /* JRCollapsibleTableViewCell.xib */; };
		A11441621C5B000200B75FB8 /* JRCollapsibleTableViewHeader.swift in Sources */ = {isa = PBXBuildFile; fileRef = A11440E11C5B000200B75FB8 /* JRCollapsibleTableViewHeader.swift */; };
		A11441631C5B000200B75FB8 /* JRCoverFlowView.swift in Sources */ = {isa = PBXBuildFile; fileRef = A11440E31C5B000200B75FB8 /* JRCoverFlowView.swift */; };
		A11441641C5B000200B75FB8 /* JRDualLinkageView.swift in Sources */ = {isa = PBXBuildFile; fileRef = A11440E51C5B000200B75FB8 /* JRDualLinkageView.swift */; };
		A11441651C5B000200B75FB8 /* JRGridView.swift in Sources */ = {isa = PBXBuildFile; fileRef = A11440E71C5B000200B75FB8 /* JRGridView.swift */; };
		A11441661C5B000200B75FB8 /* JRGridViewTile.swift in Sources */ = {isa = PBXBuildFile; fileRef = A11440E81C5B000200B75FB8 /* JRGridViewTile.swift */; };
		A11441671C5B000200B75FB8 /* JRPhotoBrowser.swift in Sources */ = {isa = PBXBuildFile; fileRef = A11440EA1C5B000200B75FB8 /* JRPhotoBrowser.swift */; };
		A11441681C5B000200B75FB8 /* JRRatingView.swift in Sources */ = {isa = PBXBuildFile; fileRef = A11440ED1C5B000200B75FB8 /* JRRatingView.swift */; };
		A11441691C5B000200B75FB8 /* JRReadingView.swift in Sources */ = {isa = PBXBuildFile; fileRef = A11440EF1C5B000200B75FB8 /* JRReadingView.swift */; };
		A114416A1C5B000200B75FB8 /* JRReadingViewController.swift in Sources */ = {isa = PBXBuildFile; fileRef = A11440F01C5B000200B75FB8 /* JRReadingViewController.swift */; };
		A114416B1C5B000200B75FB8 /* JRReadingViewController.xib in Resources */ = {isa = PBXBuildFile; fileRef = A11440F11C5B000200B75FB8 /* JRReadingViewController.xib */; };
		A114416C1C5B000200B75FB8 /* JRSingleDropdownMenu.swift in Sources */ = {isa = PBXBuildFile; fileRef = A11440F31C5B000200B75FB8 /* JRSingleDropdownMenu.swift */; };
		A114416D1C5B000200B75FB8 /* JRPickerView.swift in Sources */ = {isa = PBXBuildFile; fileRef = A11440F51C5B000200B75FB8 /* JRPickerView.swift */; };
		A114416E1C5B000200B75FB8 /* JRWebViewController.swift in Sources */ = {isa = PBXBuildFile; fileRef = A11440F71C5B000200B75FB8 /* JRWebViewController.swift */; };
		A114416F1C5B000200B75FB8 /* JRWebViewController.xib in Resources */ = {isa = PBXBuildFile; fileRef = A11440F81C5B000200B75FB8 /* JRWebViewController.xib */; };
		A11441701C5B000200B75FB8 /* JZCoverView.swift in Sources */ = {isa = PBXBuildFile; fileRef = A11440FA1C5B000200B75FB8 /* JZCoverView.swift */; };
		A11441711C5B000200B75FB8 /* JZMultiMenuView.swift in Sources */ = {isa = PBXBuildFile; fileRef = A11440FC1C5B000200B75FB8 /* JZMultiMenuView.swift */; };
		A11441721C5B000200B75FB8 /* JZQRCodeScanningViewController.swift in Sources */ = {isa = PBXBuildFile; fileRef = A11440FE1C5B000200B75FB8 /* JZQRCodeScanningViewController.swift */; };
		A11441731C5B000200B75FB8 /* JZQRCodeScanningViewController.xib in Resources */ = {isa = PBXBuildFile; fileRef = A11440FF1C5B000200B75FB8 /* JZQRCodeScanningViewController.xib */; };
		A11441741C5B000200B75FB8 /* JZRadioButton.swift in Sources */ = {isa = PBXBuildFile; fileRef = A11441011C5B000200B75FB8 /* JZRadioButton.swift */; };
		A114418E1C5B06BF00B75FB8 /* DateUtil.swift in Sources */ = {isa = PBXBuildFile; fileRef = A11441801C5B06BF00B75FB8 /* DateUtil.swift */; };
		A114418F1C5B06BF00B75FB8 /* Log.swift in Sources */ = {isa = PBXBuildFile; fileRef = A11441821C5B06BF00B75FB8 /* Log.swift */; };
		A11441901C5B06BF00B75FB8 /* LogEnumeration.swift in Sources */ = {isa = PBXBuildFile; fileRef = A11441831C5B06BF00B75FB8 /* LogEnumeration.swift */; };
		A11441911C5B06BF00B75FB8 /* MathUtil.swift in Sources */ = {isa = PBXBuildFile; fileRef = A11441851C5B06BF00B75FB8 /* MathUtil.swift */; };
		A11441921C5B06BF00B75FB8 /* NetworkUtil.swift in Sources */ = {isa = PBXBuildFile; fileRef = A11441871C5B06BF00B75FB8 /* NetworkUtil.swift */; };
		A11441931C5B06BF00B75FB8 /* ProjectUtil.swift in Sources */ = {isa = PBXBuildFile; fileRef = A11441891C5B06BF00B75FB8 /* ProjectUtil.swift */; };
		A11441941C5B06BF00B75FB8 /* SystemUtil.swift in Sources */ = {isa = PBXBuildFile; fileRef = A114418C1C5B06BF00B75FB8 /* SystemUtil.swift */; };
		BBAF65631BC0C12100CA709A /* AppDelegate.swift in Sources */ = {isa = PBXBuildFile; fileRef = BBAF65621BC0C12100CA709A /* AppDelegate.swift */; };
		BBAF65681BC0C12100CA709A /* Main.storyboard in Resources */ = {isa = PBXBuildFile; fileRef = BBAF65661BC0C12100CA709A /* Main.storyboard */; };
		BBAF656A1BC0C12100CA709A /* Images.xcassets in Resources */ = {isa = PBXBuildFile; fileRef = BBAF65691BC0C12100CA709A /* Images.xcassets */; };
		BBAF65791BC0C12100CA709A /* JRNetworkingFrameworkTests.swift in Sources */ = {isa = PBXBuildFile; fileRef = BBAF65781BC0C12100CA709A /* JRNetworkingFrameworkTests.swift */; };
/* End PBXBuildFile section */

/* Begin PBXContainerItemProxy section */
		BBAF65731BC0C12100CA709A /* PBXContainerItemProxy */ = {
			isa = PBXContainerItemProxy;
			containerPortal = BBAF65551BC0C12100CA709A /* Project object */;
			proxyType = 1;
			remoteGlobalIDString = BBAF655C1BC0C12100CA709A;
			remoteInfo = JRNetworkingFramework;
		};
/* End PBXContainerItemProxy section */

/* Begin PBXFileReference section */
		043844D5E8C2F221A2212F79 /* Pods.release.xcconfig */ = {isa = PBXFileReference; includeInIndex = 1; lastKnownFileType = text.xcconfig; name = Pods.release.xcconfig; path = "Pods/Target Support Files/Pods/Pods.release.xcconfig"; sourceTree = "<group>"; };
		53CD30C8E7354E6741C1495D /* Pods.debug.xcconfig */ = {isa = PBXFileReference; includeInIndex = 1; lastKnownFileType = text.xcconfig; name = Pods.debug.xcconfig; path = "Pods/Target Support Files/Pods/Pods.debug.xcconfig"; sourceTree = "<group>"; };
		686D40300D21FE8C3D48D85E /* Pods.framework */ = {isa = PBXFileReference; explicitFileType = wrapper.framework; includeInIndex = 0; path = Pods.framework; sourceTree = BUILT_PRODUCTS_DIR; };
		A11440701C5B000200B75FB8 /* Constants.swift */ = {isa = PBXFileReference; fileEncoding = 4; lastKnownFileType = sourcecode.swift; path = Constants.swift; sourceTree = "<group>"; };
		A11440731C5B000200B75FB8 /* Enumerate.swift */ = {isa = PBXFileReference; fileEncoding = 4; lastKnownFileType = sourcecode.swift; path = Enumerate.swift; sourceTree = "<group>"; };
		A11440751C5B000200B75FB8 /* Protocol.swift */ = {isa = PBXFileReference; fileEncoding = 4; lastKnownFileType = sourcecode.swift; path = Protocol.swift; sourceTree = "<group>"; };
		A11440771C5B000200B75FB8 /* CoreAnimationExtension.swift */ = {isa = PBXFileReference; fileEncoding = 4; lastKnownFileType = sourcecode.swift; path = CoreAnimationExtension.swift; sourceTree = "<group>"; };
		A11440781C5B000200B75FB8 /* CoreGraphicsExtension.swift */ = {isa = PBXFileReference; fileEncoding = 4; lastKnownFileType = sourcecode.swift; path = CoreGraphicsExtension.swift; sourceTree = "<group>"; };
		A11440791C5B000200B75FB8 /* FoundationExtension.swift */ = {isa = PBXFileReference; fileEncoding = 4; lastKnownFileType = sourcecode.swift; path = FoundationExtension.swift; sourceTree = "<group>"; };
		A114407A1C5B000200B75FB8 /* OtherExtension.swift */ = {isa = PBXFileReference; fileEncoding = 4; lastKnownFileType = sourcecode.swift; path = OtherExtension.swift; sourceTree = "<group>"; };
		A114407B1C5B000200B75FB8 /* SwiftExtension.swift */ = {isa = PBXFileReference; fileEncoding = 4; lastKnownFileType = sourcecode.swift; path = SwiftExtension.swift; sourceTree = "<group>"; };
		A114407C1C5B000200B75FB8 /* UIKitExtension.swift */ = {isa = PBXFileReference; fileEncoding = 4; lastKnownFileType = sourcecode.swift; path = UIKitExtension.swift; sourceTree = "<group>"; };
		A114407F1C5B000200B75FB8 /* en */ = {isa = PBXFileReference; lastKnownFileType = text.plist.strings; name = en; path = en.lproj/Localization.strings; sourceTree = "<group>"; };
		A11440801C5B000200B75FB8 /* Localization.swift */ = {isa = PBXFileReference; fileEncoding = 4; lastKnownFileType = sourcecode.swift; path = Localization.swift; sourceTree = "<group>"; };
		A11440811C5B000200B75FB8 /* zh-Hans */ = {isa = PBXFileReference; lastKnownFileType = text.plist.strings; name = "zh-Hans"; path = "zh-Hans.lproj/Localization.strings"; sourceTree = "<group>"; };
		A11440821C5B000200B75FB8 /* zh-Hant */ = {isa = PBXFileReference; lastKnownFileType = text.plist.strings; name = "zh-Hant"; path = "zh-Hant.lproj/Localization.strings"; sourceTree = "<group>"; };
		A11440841C5B000200B75FB8 /* Bridging-Header.h */ = {isa = PBXFileReference; fileEncoding = 4; lastKnownFileType = sourcecode.c.h; path = "Bridging-Header.h"; sourceTree = "<group>"; };
		A11440881C5B000200B75FB8 /* LocationHandler.swift */ = {isa = PBXFileReference; fileEncoding = 4; lastKnownFileType = sourcecode.swift; path = LocationHandler.swift; sourceTree = "<group>"; };
		A114408B1C5B000200B75FB8 /* SystemHelper.swift */ = {isa = PBXFileReference; fileEncoding = 4; lastKnownFileType = sourcecode.swift; path = SystemHelper.swift; sourceTree = "<group>"; };
		A114408E1C5B000200B75FB8 /* UserModel.swift */ = {isa = PBXFileReference; fileEncoding = 4; lastKnownFileType = sourcecode.swift; path = UserModel.swift; sourceTree = "<group>"; };
		A11440911C5B000200B75FB8 /* HttpTableViewCell.swift */ = {isa = PBXFileReference; fileEncoding = 4; lastKnownFileType = sourcecode.swift; path = HttpTableViewCell.swift; sourceTree = "<group>"; };
		A11440921C5B000200B75FB8 /* HttpTableViewCell.xib */ = {isa = PBXFileReference; fileEncoding = 4; lastKnownFileType = file.xib; path = HttpTableViewCell.xib; sourceTree = "<group>"; };
		A11440941C5B000200B75FB8 /* JZQRCodeScanningMaskView.swift */ = {isa = PBXFileReference; fileEncoding = 4; lastKnownFileType = sourcecode.swift; path = JZQRCodeScanningMaskView.swift; sourceTree = "<group>"; };
		A11440951C5B000200B75FB8 /* JZQRCodeScanningMaskView.xib */ = {isa = PBXFileReference; fileEncoding = 4; lastKnownFileType = file.xib; path = JZQRCodeScanningMaskView.xib; sourceTree = "<group>"; };
		A11440981C5B000200B75FB8 /* GuideViewController.swift */ = {isa = PBXFileReference; fileEncoding = 4; lastKnownFileType = sourcecode.swift; path = GuideViewController.swift; sourceTree = "<group>"; };
		A11440991C5B000200B75FB8 /* GuideViewController.xib */ = {isa = PBXFileReference; fileEncoding = 4; lastKnownFileType = file.xib; path = GuideViewController.xib; sourceTree = "<group>"; };
		A114409A1C5B000200B75FB8 /* HttpViewController.swift */ = {isa = PBXFileReference; fileEncoding = 4; lastKnownFileType = sourcecode.swift; path = HttpViewController.swift; sourceTree = "<group>"; };
		A114409B1C5B000200B75FB8 /* HttpViewController.xib */ = {isa = PBXFileReference; fileEncoding = 4; lastKnownFileType = file.xib; path = HttpViewController.xib; sourceTree = "<group>"; };
		A114409D1C5B000200B75FB8 /* CalendarViewTestingViewController.swift */ = {isa = PBXFileReference; fileEncoding = 4; lastKnownFileType = sourcecode.swift; path = CalendarViewTestingViewController.swift; sourceTree = "<group>"; };
		A114409E1C5B000200B75FB8 /* CalendarViewTestingViewController.xib */ = {isa = PBXFileReference; fileEncoding = 4; lastKnownFileType = file.xib; path = CalendarViewTestingViewController.xib; sourceTree = "<group>"; };
		A114409F1C5B000200B75FB8 /* CardSwitchingTestingViewController.swift */ = {isa = PBXFileReference; fileEncoding = 4; lastKnownFileType = sourcecode.swift; path = CardSwitchingTestingViewController.swift; sourceTree = "<group>"; };
		A11440A01C5B000200B75FB8 /* CardSwitchingTestingViewController.xib */ = {isa = PBXFileReference; fileEncoding = 4; lastKnownFileType = file.xib; path = CardSwitchingTestingViewController.xib; sourceTree = "<group>"; };
		A11440A11C5B000200B75FB8 /* CarouselTestingViewController.swift */ = {isa = PBXFileReference; fileEncoding = 4; lastKnownFileType = sourcecode.swift; path = CarouselTestingViewController.swift; sourceTree = "<group>"; };
		A11440A21C5B000200B75FB8 /* CarouselTestingViewController.xib */ = {isa = PBXFileReference; fileEncoding = 4; lastKnownFileType = file.xib; path = CarouselTestingViewController.xib; sourceTree = "<group>"; };
		A11440A31C5B000200B75FB8 /* CollapsibleSectionTestingViewController.swift */ = {isa = PBXFileReference; fileEncoding = 4; lastKnownFileType = sourcecode.swift; path = CollapsibleSectionTestingViewController.swift; sourceTree = "<group>"; };
		A11440A41C5B000200B75FB8 /* CollapsibleSectionTestingViewController.xib */ = {isa = PBXFileReference; fileEncoding = 4; lastKnownFileType = file.xib; path = CollapsibleSectionTestingViewController.xib; sourceTree = "<group>"; };
		A11440A51C5B000200B75FB8 /* DropdownMenuTestViewController.swift */ = {isa = PBXFileReference; fileEncoding = 4; lastKnownFileType = sourcecode.swift; path = DropdownMenuTestViewController.swift; sourceTree = "<group>"; };
		A11440A61C5B000200B75FB8 /* DropdownMenuTestViewController.xib */ = {isa = PBXFileReference; fileEncoding = 4; lastKnownFileType = file.xib; path = DropdownMenuTestViewController.xib; sourceTree = "<group>"; };
		A11440A71C5B000200B75FB8 /* GridViewTestingViewController.swift */ = {isa = PBXFileReference; fileEncoding = 4; lastKnownFileType = sourcecode.swift; path = GridViewTestingViewController.swift; sourceTree = "<group>"; };
		A11440A81C5B000200B75FB8 /* GridViewTestingViewController.xib */ = {isa = PBXFileReference; fileEncoding = 4; lastKnownFileType = file.xib; path = GridViewTestingViewController.xib; sourceTree = "<group>"; };
		A11440A91C5B000200B75FB8 /* JRDualLinkageViewController.swift */ = {isa = PBXFileReference; fileEncoding = 4; lastKnownFileType = sourcecode.swift; path = JRDualLinkageViewController.swift; sourceTree = "<group>"; };
		A11440AA1C5B000200B75FB8 /* MultiMenuTestingViewController.swift */ = {isa = PBXFileReference; fileEncoding = 4; lastKnownFileType = sourcecode.swift; path = MultiMenuTestingViewController.swift; sourceTree = "<group>"; };
		A11440AB1C5B000200B75FB8 /* MultiMenuTestingViewController.xib */ = {isa = PBXFileReference; fileEncoding = 4; lastKnownFileType = file.xib; path = MultiMenuTestingViewController.xib; sourceTree = "<group>"; };
		A11440AC1C5B000200B75FB8 /* PhotoBrowserTestingViewController.swift */ = {isa = PBXFileReference; fileEncoding = 4; lastKnownFileType = sourcecode.swift; path = PhotoBrowserTestingViewController.swift; sourceTree = "<group>"; };
		A11440AD1C5B000200B75FB8 /* PhotoBrowserTestingViewController.xib */ = {isa = PBXFileReference; fileEncoding = 4; lastKnownFileType = file.xib; path = PhotoBrowserTestingViewController.xib; sourceTree = "<group>"; };
		A11440AE1C5B000200B75FB8 /* ProgressBarTestingViewController.swift */ = {isa = PBXFileReference; fileEncoding = 4; lastKnownFileType = sourcecode.swift; path = ProgressBarTestingViewController.swift; sourceTree = "<group>"; };
		A11440AF1C5B000200B75FB8 /* ProgressBarTestingViewController.xib */ = {isa = PBXFileReference; fileEncoding = 4; lastKnownFileType = file.xib; path = ProgressBarTestingViewController.xib; sourceTree = "<group>"; };
		A11440B01C5B000200B75FB8 /* RatingViewController.swift */ = {isa = PBXFileReference; fileEncoding = 4; lastKnownFileType = sourcecode.swift; path = RatingViewController.swift; sourceTree = "<group>"; };
		A11440B11C5B000200B75FB8 /* RatingViewController.xib */ = {isa = PBXFileReference; fileEncoding = 4; lastKnownFileType = file.xib; path = RatingViewController.xib; sourceTree = "<group>"; };
		A11440B21C5B000200B75FB8 /* ReadingViewTestingViewController.swift */ = {isa = PBXFileReference; fileEncoding = 4; lastKnownFileType = sourcecode.swift; path = ReadingViewTestingViewController.swift; sourceTree = "<group>"; };
		A11440B31C5B000200B75FB8 /* ReadingViewTestingViewController.xib */ = {isa = PBXFileReference; fileEncoding = 4; lastKnownFileType = file.xib; path = ReadingViewTestingViewController.xib; sourceTree = "<group>"; };
		A11440B41C5B000200B75FB8 /* SettingViewController.swift */ = {isa = PBXFileReference; fileEncoding = 4; lastKnownFileType = sourcecode.swift; path = SettingViewController.swift; sourceTree = "<group>"; };
		A11440B51C5B000200B75FB8 /* SettingViewController.xib */ = {isa = PBXFileReference; fileEncoding = 4; lastKnownFileType = file.xib; path = SettingViewController.xib; sourceTree = "<group>"; };
		A11440B71C5B000200B75FB8 /* TabBarViewController.swift */ = {isa = PBXFileReference; fileEncoding = 4; lastKnownFileType = sourcecode.swift; path = TabBarViewController.swift; sourceTree = "<group>"; };
		A11440B81C5B000200B75FB8 /* TabBarViewController.xib */ = {isa = PBXFileReference; fileEncoding = 4; lastKnownFileType = file.xib; path = TabBarViewController.xib; sourceTree = "<group>"; };
		A11440B91C5B000200B75FB8 /* TestingViewController.swift */ = {isa = PBXFileReference; fileEncoding = 4; lastKnownFileType = sourcecode.swift; path = TestingViewController.swift; sourceTree = "<group>"; };
		A11440BA1C5B000200B75FB8 /* TestingViewController.xib */ = {isa = PBXFileReference; fileEncoding = 4; lastKnownFileType = file.xib; path = TestingViewController.xib; sourceTree = "<group>"; };
		A11440BB1C5B000200B75FB8 /* WebViewTestViewController.swift */ = {isa = PBXFileReference; fileEncoding = 4; lastKnownFileType = sourcecode.swift; path = WebViewTestViewController.swift; sourceTree = "<group>"; };
		A11440BC1C5B000200B75FB8 /* WebViewTestViewController.xib */ = {isa = PBXFileReference; fileEncoding = 4; lastKnownFileType = file.xib; path = WebViewTestViewController.xib; sourceTree = "<group>"; };
		A11440BE1C5B000200B75FB8 /* RootViewController.swift */ = {isa = PBXFileReference; fileEncoding = 4; lastKnownFileType = sourcecode.swift; path = RootViewController.swift; sourceTree = "<group>"; };
		A11440C01C5B000200B75FB8 /* ResetPasswordViewController.swift */ = {isa = PBXFileReference; fileEncoding = 4; lastKnownFileType = sourcecode.swift; path = ResetPasswordViewController.swift; sourceTree = "<group>"; };
		A11440C11C5B000200B75FB8 /* ResetPasswordViewController.xib */ = {isa = PBXFileReference; fileEncoding = 4; lastKnownFileType = file.xib; path = ResetPasswordViewController.xib; sourceTree = "<group>"; };
		A11440C21C5B000200B75FB8 /* SignInViewController.swift */ = {isa = PBXFileReference; fileEncoding = 4; lastKnownFileType = sourcecode.swift; path = SignInViewController.swift; sourceTree = "<group>"; };
		A11440C31C5B000200B75FB8 /* SignInViewController.xib */ = {isa = PBXFileReference; fileEncoding = 4; lastKnownFileType = file.xib; path = SignInViewController.xib; sourceTree = "<group>"; };
		A11440C41C5B000200B75FB8 /* SignUpViewController.swift */ = {isa = PBXFileReference; fileEncoding = 4; lastKnownFileType = sourcecode.swift; path = SignUpViewController.swift; sourceTree = "<group>"; };
		A11440C51C5B000200B75FB8 /* SignUpViewController.xib */ = {isa = PBXFileReference; fileEncoding = 4; lastKnownFileType = file.xib; path = SignUpViewController.xib; sourceTree = "<group>"; };
		A11440C91C5B000200B75FB8 /* JZProgressBar.h */ = {isa = PBXFileReference; fileEncoding = 4; lastKnownFileType = sourcecode.c.h; path = JZProgressBar.h; sourceTree = "<group>"; };
		A11440CA1C5B000200B75FB8 /* JZProgressBar.m */ = {isa = PBXFileReference; fileEncoding = 4; lastKnownFileType = sourcecode.c.objc; path = JZProgressBar.m; sourceTree = "<group>"; };
		A11440CC1C5B000200B75FB8 /* JZTabMenuBar.h */ = {isa = PBXFileReference; fileEncoding = 4; lastKnownFileType = sourcecode.c.h; path = JZTabMenuBar.h; sourceTree = "<group>"; };
		A11440CD1C5B000200B75FB8 /* JZTabMenuBar.m */ = {isa = PBXFileReference; fileEncoding = 4; lastKnownFileType = sourcecode.c.objc; path = JZTabMenuBar.m; sourceTree = "<group>"; };
		A11440CE1C5B000200B75FB8 /* LibraryHeader.h */ = {isa = PBXFileReference; fileEncoding = 4; lastKnownFileType = sourcecode.c.h; path = LibraryHeader.h; sourceTree = "<group>"; };
		A11440D11C5B000200B75FB8 /* JRCalendarCommon.swift */ = {isa = PBXFileReference; fileEncoding = 4; lastKnownFileType = sourcecode.swift; path = JRCalendarCommon.swift; sourceTree = "<group>"; };
		A11440D21C5B000200B75FB8 /* JRCalendarDayModel.swift */ = {isa = PBXFileReference; fileEncoding = 4; lastKnownFileType = sourcecode.swift; path = JRCalendarDayModel.swift; sourceTree = "<group>"; };
		A11440D31C5B000200B75FB8 /* JRCalendarGridView.swift */ = {isa = PBXFileReference; fileEncoding = 4; lastKnownFileType = sourcecode.swift; path = JRCalendarGridView.swift; sourceTree = "<group>"; };
		A11440D41C5B000200B75FB8 /* JRCalendarGridViewTile.swift */ = {isa = PBXFileReference; fileEncoding = 4; lastKnownFileType = sourcecode.swift; path = JRCalendarGridViewTile.swift; sourceTree = "<group>"; };
		A11440D51C5B000200B75FB8 /* JRCalendarModel.swift */ = {isa = PBXFileReference; fileEncoding = 4; lastKnownFileType = sourcecode.swift; path = JRCalendarModel.swift; sourceTree = "<group>"; };
		A11440D61C5B000200B75FB8 /* JRCalendarPickerView.xib */ = {isa = PBXFileReference; fileEncoding = 4; lastKnownFileType = file.xib; path = JRCalendarPickerView.xib; sourceTree = "<group>"; };
		A11440D71C5B000200B75FB8 /* JRCalendarView.swift */ = {isa = PBXFileReference; fileEncoding = 4; lastKnownFileType = sourcecode.swift; path = JRCalendarView.swift; sourceTree = "<group>"; };
		A11440D81C5B000200B75FB8 /* JRMonthPicker.swift */ = {isa = PBXFileReference; fileEncoding = 4; lastKnownFileType = sourcecode.swift; path = JRMonthPicker.swift; sourceTree = "<group>"; };
		A11440D91C5B000200B75FB8 /* NSDateExtension.swift */ = {isa = PBXFileReference; fileEncoding = 4; lastKnownFileType = sourcecode.swift; path = NSDateExtension.swift; sourceTree = "<group>"; };
		A11440DB1C5B000200B75FB8 /* JRCardSwitchingView.swift */ = {isa = PBXFileReference; fileEncoding = 4; lastKnownFileType = sourcecode.swift; path = JRCardSwitchingView.swift; sourceTree = "<group>"; };
		A11440DD1C5B000200B75FB8 /* JRCarouselView.swift */ = {isa = PBXFileReference; fileEncoding = 4; lastKnownFileType = sourcecode.swift; path = JRCarouselView.swift; sourceTree = "<group>"; };
		A11440DF1C5B000200B75FB8 /* JRCollapsibleTableViewCell.swift */ = {isa = PBXFileReference; fileEncoding = 4; lastKnownFileType = sourcecode.swift; path = JRCollapsibleTableViewCell.swift; sourceTree = "<group>"; };
		A11440E01C5B000200B75FB8 /* JRCollapsibleTableViewCell.xib */ = {isa = PBXFileReference; fileEncoding = 4; lastKnownFileType = file.xib; path = JRCollapsibleTableViewCell.xib; sourceTree = "<group>"; };
		A11440E11C5B000200B75FB8 /* JRCollapsibleTableViewHeader.swift */ = {isa = PBXFileReference; fileEncoding = 4; lastKnownFileType = sourcecode.swift; path = JRCollapsibleTableViewHeader.swift; sourceTree = "<group>"; };
		A11440E31C5B000200B75FB8 /* JRCoverFlowView.swift */ = {isa = PBXFileReference; fileEncoding = 4; lastKnownFileType = sourcecode.swift; path = JRCoverFlowView.swift; sourceTree = "<group>"; };
		A11440E51C5B000200B75FB8 /* JRDualLinkageView.swift */ = {isa = PBXFileReference; fileEncoding = 4; lastKnownFileType = sourcecode.swift; path = JRDualLinkageView.swift; sourceTree = "<group>"; };
		A11440E71C5B000200B75FB8 /* JRGridView.swift */ = {isa = PBXFileReference; fileEncoding = 4; lastKnownFileType = sourcecode.swift; path = JRGridView.swift; sourceTree = "<group>"; };
		A11440E81C5B000200B75FB8 /* JRGridViewTile.swift */ = {isa = PBXFileReference; fileEncoding = 4; lastKnownFileType = sourcecode.swift; path = JRGridViewTile.swift; sourceTree = "<group>"; };
		A11440EA1C5B000200B75FB8 /* JRPhotoBrowser.swift */ = {isa = PBXFileReference; fileEncoding = 4; lastKnownFileType = sourcecode.swift; path = JRPhotoBrowser.swift; sourceTree = "<group>"; };
		A11440ED1C5B000200B75FB8 /* JRRatingView.swift */ = {isa = PBXFileReference; fileEncoding = 4; lastKnownFileType = sourcecode.swift; path = JRRatingView.swift; sourceTree = "<group>"; };
		A11440EF1C5B000200B75FB8 /* JRReadingView.swift */ = {isa = PBXFileReference; fileEncoding = 4; lastKnownFileType = sourcecode.swift; path = JRReadingView.swift; sourceTree = "<group>"; };
		A11440F01C5B000200B75FB8 /* JRReadingViewController.swift */ = {isa = PBXFileReference; fileEncoding = 4; lastKnownFileType = sourcecode.swift; path = JRReadingViewController.swift; sourceTree = "<group>"; };
		A11440F11C5B000200B75FB8 /* JRReadingViewController.xib */ = {isa = PBXFileReference; fileEncoding = 4; lastKnownFileType = file.xib; path = JRReadingViewController.xib; sourceTree = "<group>"; };
		A11440F31C5B000200B75FB8 /* JRSingleDropdownMenu.swift */ = {isa = PBXFileReference; fileEncoding = 4; lastKnownFileType = sourcecode.swift; path = JRSingleDropdownMenu.swift; sourceTree = "<group>"; };
		A11440F51C5B000200B75FB8 /* JRPickerView.swift */ = {isa = PBXFileReference; fileEncoding = 4; lastKnownFileType = sourcecode.swift; path = JRPickerView.swift; sourceTree = "<group>"; };
		A11440F71C5B000200B75FB8 /* JRWebViewController.swift */ = {isa = PBXFileReference; fileEncoding = 4; lastKnownFileType = sourcecode.swift; path = JRWebViewController.swift; sourceTree = "<group>"; };
		A11440F81C5B000200B75FB8 /* JRWebViewController.xib */ = {isa = PBXFileReference; fileEncoding = 4; lastKnownFileType = file.xib; path = JRWebViewController.xib; sourceTree = "<group>"; };
		A11440FA1C5B000200B75FB8 /* JZCoverView.swift */ = {isa = PBXFileReference; fileEncoding = 4; lastKnownFileType = sourcecode.swift; path = JZCoverView.swift; sourceTree = "<group>"; };
		A11440FC1C5B000200B75FB8 /* JZMultiMenuView.swift */ = {isa = PBXFileReference; fileEncoding = 4; lastKnownFileType = sourcecode.swift; path = JZMultiMenuView.swift; sourceTree = "<group>"; };
		A11440FE1C5B000200B75FB8 /* JZQRCodeScanningViewController.swift */ = {isa = PBXFileReference; fileEncoding = 4; lastKnownFileType = sourcecode.swift; path = JZQRCodeScanningViewController.swift; sourceTree = "<group>"; };
		A11440FF1C5B000200B75FB8 /* JZQRCodeScanningViewController.xib */ = {isa = PBXFileReference; fileEncoding = 4; lastKnownFileType = file.xib; path = JZQRCodeScanningViewController.xib; sourceTree = "<group>"; };
		A11441011C5B000200B75FB8 /* JZRadioButton.swift */ = {isa = PBXFileReference; fileEncoding = 4; lastKnownFileType = sourcecode.swift; path = JZRadioButton.swift; sourceTree = "<group>"; };
		A11441801C5B06BF00B75FB8 /* DateUtil.swift */ = {isa = PBXFileReference; fileEncoding = 4; lastKnownFileType = sourcecode.swift; path = DateUtil.swift; sourceTree = "<group>"; };
		A11441821C5B06BF00B75FB8 /* Log.swift */ = {isa = PBXFileReference; fileEncoding = 4; lastKnownFileType = sourcecode.swift; path = Log.swift; sourceTree = "<group>"; };
		A11441831C5B06BF00B75FB8 /* LogEnumeration.swift */ = {isa = PBXFileReference; fileEncoding = 4; lastKnownFileType = sourcecode.swift; path = LogEnumeration.swift; sourceTree = "<group>"; };
		A11441851C5B06BF00B75FB8 /* MathUtil.swift */ = {isa = PBXFileReference; fileEncoding = 4; lastKnownFileType = sourcecode.swift; path = MathUtil.swift; sourceTree = "<group>"; };
		A11441871C5B06BF00B75FB8 /* NetworkUtil.swift */ = {isa = PBXFileReference; fileEncoding = 4; lastKnownFileType = sourcecode.swift; path = NetworkUtil.swift; sourceTree = "<group>"; };
		A11441891C5B06BF00B75FB8 /* ProjectUtil.swift */ = {isa = PBXFileReference; fileEncoding = 4; lastKnownFileType = sourcecode.swift; path = ProjectUtil.swift; sourceTree = "<group>"; };
		A114418C1C5B06BF00B75FB8 /* SystemUtil.swift */ = {isa = PBXFileReference; fileEncoding = 4; lastKnownFileType = sourcecode.swift; path = SystemUtil.swift; sourceTree = "<group>"; };
		BBAF655D1BC0C12100CA709A /* JRNetworkingFramework.app */ = {isa = PBXFileReference; explicitFileType = wrapper.application; includeInIndex = 0; path = JRNetworkingFramework.app; sourceTree = BUILT_PRODUCTS_DIR; };
		BBAF65611BC0C12100CA709A /* Info.plist */ = {isa = PBXFileReference; lastKnownFileType = text.plist.xml; path = Info.plist; sourceTree = "<group>"; };
		BBAF65621BC0C12100CA709A /* AppDelegate.swift */ = {isa = PBXFileReference; lastKnownFileType = sourcecode.swift; path = AppDelegate.swift; sourceTree = "<group>"; };
		BBAF65671BC0C12100CA709A /* Base */ = {isa = PBXFileReference; lastKnownFileType = file.storyboard; name = Base; path = Base.lproj/Main.storyboard; sourceTree = "<group>"; };
		BBAF65691BC0C12100CA709A /* Images.xcassets */ = {isa = PBXFileReference; lastKnownFileType = folder.assetcatalog; path = Images.xcassets; sourceTree = "<group>"; };
		BBAF65721BC0C12100CA709A /* JRNetworkingFrameworkTests.xctest */ = {isa = PBXFileReference; explicitFileType = wrapper.cfbundle; includeInIndex = 0; path = JRNetworkingFrameworkTests.xctest; sourceTree = BUILT_PRODUCTS_DIR; };
		BBAF65771BC0C12100CA709A /* Info.plist */ = {isa = PBXFileReference; lastKnownFileType = text.plist.xml; path = Info.plist; sourceTree = "<group>"; };
		BBAF65781BC0C12100CA709A /* JRNetworkingFrameworkTests.swift */ = {isa = PBXFileReference; lastKnownFileType = sourcecode.swift; path = JRNetworkingFrameworkTests.swift; sourceTree = "<group>"; };
/* End PBXFileReference section */

/* Begin PBXFrameworksBuildPhase section */
		BBAF655A1BC0C12100CA709A /* Frameworks */ = {
			isa = PBXFrameworksBuildPhase;
			buildActionMask = 2147483647;
			files = (
				83FB3DA1709A6C7AE568942F /* Pods.framework in Frameworks */,
			);
			runOnlyForDeploymentPostprocessing = 0;
		};
		BBAF656F1BC0C12100CA709A /* Frameworks */ = {
			isa = PBXFrameworksBuildPhase;
			buildActionMask = 2147483647;
			files = (
			);
			runOnlyForDeploymentPostprocessing = 0;
		};
/* End PBXFrameworksBuildPhase section */

/* Begin PBXGroup section */
		197F66688D268244C6C63694 /* Frameworks */ = {
			isa = PBXGroup;
			children = (
				686D40300D21FE8C3D48D85E /* Pods.framework */,
			);
			name = Frameworks;
			sourceTree = "<group>";
		};
		5BCB8D80F61260F710161F38 /* Pods */ = {
			isa = PBXGroup;
			children = (
				53CD30C8E7354E6741C1495D /* Pods.debug.xcconfig */,
				043844D5E8C2F221A2212F79 /* Pods.release.xcconfig */,
			);
			name = Pods;
			sourceTree = "<group>";
		};
		A114406E1C5B000200B75FB8 /* Config */ = {
			isa = PBXGroup;
			children = (
				A114406F1C5B000200B75FB8 /* Constant */,
				A11440711C5B000200B75FB8 /* Definition */,
				A11440761C5B000200B75FB8 /* Extension */,
				A114407D1C5B000200B75FB8 /* Localization */,
				A11440831C5B000200B75FB8 /* Properties */,
				A11440851C5B000200B75FB8 /* Storage */,
			);
			path = Config;
			sourceTree = "<group>";
		};
		A114406F1C5B000200B75FB8 /* Constant */ = {
			isa = PBXGroup;
			children = (
				A11440701C5B000200B75FB8 /* Constants.swift */,
			);
			path = Constant;
			sourceTree = "<group>";
		};
		A11440711C5B000200B75FB8 /* Definition */ = {
			isa = PBXGroup;
			children = (
				A11440721C5B000200B75FB8 /* Enumerate */,
				A11440741C5B000200B75FB8 /* Protocol */,
			);
			path = Definition;
			sourceTree = "<group>";
		};
		A11440721C5B000200B75FB8 /* Enumerate */ = {
			isa = PBXGroup;
			children = (
				A11440731C5B000200B75FB8 /* Enumerate.swift */,
			);
			path = Enumerate;
			sourceTree = "<group>";
		};
		A11440741C5B000200B75FB8 /* Protocol */ = {
			isa = PBXGroup;
			children = (
				A11440751C5B000200B75FB8 /* Protocol.swift */,
			);
			path = Protocol;
			sourceTree = "<group>";
		};
		A11440761C5B000200B75FB8 /* Extension */ = {
			isa = PBXGroup;
			children = (
				A11440771C5B000200B75FB8 /* CoreAnimationExtension.swift */,
				A11440781C5B000200B75FB8 /* CoreGraphicsExtension.swift */,
				A11440791C5B000200B75FB8 /* FoundationExtension.swift */,
				A114407A1C5B000200B75FB8 /* OtherExtension.swift */,
				A114407B1C5B000200B75FB8 /* SwiftExtension.swift */,
				A114407C1C5B000200B75FB8 /* UIKitExtension.swift */,
			);
			path = Extension;
			sourceTree = "<group>";
		};
		A114407D1C5B000200B75FB8 /* Localization */ = {
			isa = PBXGroup;
			children = (
				A114407E1C5B000200B75FB8 /* Localization.strings */,
				A11440801C5B000200B75FB8 /* Localization.swift */,
			);
			path = Localization;
			sourceTree = "<group>";
		};
		A11440831C5B000200B75FB8 /* Properties */ = {
			isa = PBXGroup;
			children = (
				A11440841C5B000200B75FB8 /* Bridging-Header.h */,
			);
			path = Properties;
			sourceTree = "<group>";
		};
		A11440851C5B000200B75FB8 /* Storage */ = {
			isa = PBXGroup;
			children = (
			);
			path = Storage;
			sourceTree = "<group>";
		};
		A11440861C5B000200B75FB8 /* Helper */ = {
			isa = PBXGroup;
			children = (
				A11440871C5B000200B75FB8 /* Location */,
				A11440891C5B000200B75FB8 /* Network */,
				A114408A1C5B000200B75FB8 /* System */,
			);
			path = Helper;
			sourceTree = "<group>";
		};
		A11440871C5B000200B75FB8 /* Location */ = {
			isa = PBXGroup;
			children = (
				A11440881C5B000200B75FB8 /* LocationHandler.swift */,
			);
			path = Location;
			sourceTree = "<group>";
		};
		A11440891C5B000200B75FB8 /* Network */ = {
			isa = PBXGroup;
			children = (
			);
			path = Network;
			sourceTree = "<group>";
		};
		A114408A1C5B000200B75FB8 /* System */ = {
			isa = PBXGroup;
			children = (
				A114408B1C5B000200B75FB8 /* SystemHelper.swift */,
			);
			path = System;
			sourceTree = "<group>";
		};
		A114408C1C5B000200B75FB8 /* Interface */ = {
			isa = PBXGroup;
			children = (
				A114408D1C5B000200B75FB8 /* Model */,
				A114408F1C5B000200B75FB8 /* Store */,
				A11440901C5B000200B75FB8 /* View */,
				A11440961C5B000200B75FB8 /* ViewController */,
			);
			path = Interface;
			sourceTree = "<group>";
		};
		A114408D1C5B000200B75FB8 /* Model */ = {
			isa = PBXGroup;
			children = (
				A114408E1C5B000200B75FB8 /* UserModel.swift */,
			);
			path = Model;
			sourceTree = "<group>";
		};
		A114408F1C5B000200B75FB8 /* Store */ = {
			isa = PBXGroup;
			children = (
			);
			path = Store;
			sourceTree = "<group>";
		};
		A11440901C5B000200B75FB8 /* View */ = {
			isa = PBXGroup;
			children = (
				A11440911C5B000200B75FB8 /* HttpTableViewCell.swift */,
				A11440921C5B000200B75FB8 /* HttpTableViewCell.xib */,
				A11440931C5B000200B75FB8 /* JZQRCodeScanningMaskView */,
			);
			path = View;
			sourceTree = "<group>";
		};
		A11440931C5B000200B75FB8 /* JZQRCodeScanningMaskView */ = {
			isa = PBXGroup;
			children = (
				A11440941C5B000200B75FB8 /* JZQRCodeScanningMaskView.swift */,
				A11440951C5B000200B75FB8 /* JZQRCodeScanningMaskView.xib */,
			);
			path = JZQRCodeScanningMaskView;
			sourceTree = "<group>";
		};
		A11440961C5B000200B75FB8 /* ViewController */ = {
			isa = PBXGroup;
			children = (
				A11440971C5B000200B75FB8 /* Guide */,
				A114409A1C5B000200B75FB8 /* HttpViewController.swift */,
				A114409B1C5B000200B75FB8 /* HttpViewController.xib */,
				A114409C1C5B000200B75FB8 /* Main */,
				A11440BD1C5B000200B75FB8 /* Root */,
				A11440BF1C5B000200B75FB8 /* UserEntrance */,
			);
			path = ViewController;
			sourceTree = "<group>";
		};
		A11440971C5B000200B75FB8 /* Guide */ = {
			isa = PBXGroup;
			children = (
				A11440981C5B000200B75FB8 /* GuideViewController.swift */,
				A11440991C5B000200B75FB8 /* GuideViewController.xib */,
			);
			path = Guide;
			sourceTree = "<group>";
		};
		A114409C1C5B000200B75FB8 /* Main */ = {
			isa = PBXGroup;
			children = (
				A114409D1C5B000200B75FB8 /* CalendarViewTestingViewController.swift */,
				A114409E1C5B000200B75FB8 /* CalendarViewTestingViewController.xib */,
				A114409F1C5B000200B75FB8 /* CardSwitchingTestingViewController.swift */,
				A11440A01C5B000200B75FB8 /* CardSwitchingTestingViewController.xib */,
				A11440A11C5B000200B75FB8 /* CarouselTestingViewController.swift */,
				A11440A21C5B000200B75FB8 /* CarouselTestingViewController.xib */,
				A11440A31C5B000200B75FB8 /* CollapsibleSectionTestingViewController.swift */,
				A11440A41C5B000200B75FB8 /* CollapsibleSectionTestingViewController.xib */,
				A11440A51C5B000200B75FB8 /* DropdownMenuTestViewController.swift */,
				A11440A61C5B000200B75FB8 /* DropdownMenuTestViewController.xib */,
				A11440A71C5B000200B75FB8 /* GridViewTestingViewController.swift */,
				A11440A81C5B000200B75FB8 /* GridViewTestingViewController.xib */,
				A11440A91C5B000200B75FB8 /* JRDualLinkageViewController.swift */,
				A11440AA1C5B000200B75FB8 /* MultiMenuTestingViewController.swift */,
				A11440AB1C5B000200B75FB8 /* MultiMenuTestingViewController.xib */,
				A11440AC1C5B000200B75FB8 /* PhotoBrowserTestingViewController.swift */,
				A11440AD1C5B000200B75FB8 /* PhotoBrowserTestingViewController.xib */,
				A11440AE1C5B000200B75FB8 /* ProgressBarTestingViewController.swift */,
				A11440AF1C5B000200B75FB8 /* ProgressBarTestingViewController.xib */,
				A11440B01C5B000200B75FB8 /* RatingViewController.swift */,
				A11440B11C5B000200B75FB8 /* RatingViewController.xib */,
				A11440B21C5B000200B75FB8 /* ReadingViewTestingViewController.swift */,
				A11440B31C5B000200B75FB8 /* ReadingViewTestingViewController.xib */,
				A11440B41C5B000200B75FB8 /* SettingViewController.swift */,
				A11440B51C5B000200B75FB8 /* SettingViewController.xib */,
				A11440B61C5B000200B75FB8 /* Tab */,
				A11440B91C5B000200B75FB8 /* TestingViewController.swift */,
				A11440BA1C5B000200B75FB8 /* TestingViewController.xib */,
				A11440BB1C5B000200B75FB8 /* WebViewTestViewController.swift */,
				A11440BC1C5B000200B75FB8 /* WebViewTestViewController.xib */,
			);
			path = Main;
			sourceTree = "<group>";
		};
		A11440B61C5B000200B75FB8 /* Tab */ = {
			isa = PBXGroup;
			children = (
				A11440B71C5B000200B75FB8 /* TabBarViewController.swift */,
				A11440B81C5B000200B75FB8 /* TabBarViewController.xib */,
			);
			path = Tab;
			sourceTree = "<group>";
		};
		A11440BD1C5B000200B75FB8 /* Root */ = {
			isa = PBXGroup;
			children = (
				A11440BE1C5B000200B75FB8 /* RootViewController.swift */,
			);
			path = Root;
			sourceTree = "<group>";
		};
		A11440BF1C5B000200B75FB8 /* UserEntrance */ = {
			isa = PBXGroup;
			children = (
				A11440C01C5B000200B75FB8 /* ResetPasswordViewController.swift */,
				A11440C11C5B000200B75FB8 /* ResetPasswordViewController.xib */,
				A11440C21C5B000200B75FB8 /* SignInViewController.swift */,
				A11440C31C5B000200B75FB8 /* SignInViewController.xib */,
				A11440C41C5B000200B75FB8 /* SignUpViewController.swift */,
				A11440C51C5B000200B75FB8 /* SignUpViewController.xib */,
			);
			path = UserEntrance;
			sourceTree = "<group>";
		};
		A11440C61C5B000200B75FB8 /* Lib */ = {
			isa = PBXGroup;
			children = (
				A11440C71C5B000200B75FB8 /* Lib-Objective-C */,
				A11440CF1C5B000200B75FB8 /* Lib-Swift */,
				A11441031C5B000200B75FB8 /* SDKs */,
				A11441041C5B000200B75FB8 /* Widgets */,
			);
			path = Lib;
			sourceTree = "<group>";
		};
		A11440C71C5B000200B75FB8 /* Lib-Objective-C */ = {
			isa = PBXGroup;
			children = (
				A11440C81C5B000200B75FB8 /* JZProgressBar */,
				A11440CB1C5B000200B75FB8 /* JZTabMenuBar */,
				A11440CE1C5B000200B75FB8 /* LibraryHeader.h */,
			);
			path = "Lib-Objective-C";
			sourceTree = "<group>";
		};
		A11440C81C5B000200B75FB8 /* JZProgressBar */ = {
			isa = PBXGroup;
			children = (
				A11440C91C5B000200B75FB8 /* JZProgressBar.h */,
				A11440CA1C5B000200B75FB8 /* JZProgressBar.m */,
			);
			path = JZProgressBar;
			sourceTree = "<group>";
		};
		A11440CB1C5B000200B75FB8 /* JZTabMenuBar */ = {
			isa = PBXGroup;
			children = (
				A11440CC1C5B000200B75FB8 /* JZTabMenuBar.h */,
				A11440CD1C5B000200B75FB8 /* JZTabMenuBar.m */,
			);
			path = JZTabMenuBar;
			sourceTree = "<group>";
		};
		A11440CF1C5B000200B75FB8 /* Lib-Swift */ = {
			isa = PBXGroup;
			children = (
				A11440D01C5B000200B75FB8 /* JRCalendar */,
				A11440DA1C5B000200B75FB8 /* JRCardSwitchView */,
				A11440DC1C5B000200B75FB8 /* JRCarousel */,
				A11440DE1C5B000200B75FB8 /* JRCollapsibleSection */,
				A11440E21C5B000200B75FB8 /* JRCoverFlow */,
				A11440E41C5B000200B75FB8 /* JRDualLinkage */,
				A11440E61C5B000200B75FB8 /* JRGridView */,
				A11440E91C5B000200B75FB8 /* JRPhotoBrowser */,
				A11440EB1C5B000200B75FB8 /* JRPopWindow */,
				A11440EC1C5B000200B75FB8 /* JRRatingView */,
				A11440EE1C5B000200B75FB8 /* JRReading */,
				A11440F21C5B000200B75FB8 /* JRSingleDropdown */,
				A11440F41C5B000200B75FB8 /* JRSinglePickerView */,
				A11440F61C5B000200B75FB8 /* JRWebView */,
				A11440F91C5B000200B75FB8 /* JZCoverView */,
				A11440FB1C5B000200B75FB8 /* JZMultiMenu */,
				A11440FD1C5B000200B75FB8 /* JZQRCode */,
				A11441001C5B000200B75FB8 /* JZRadioButton */,
				A11441021C5B000200B75FB8 /* JZShoppingCart */,
			);
			path = "Lib-Swift";
			sourceTree = "<group>";
		};
		A11440D01C5B000200B75FB8 /* JRCalendar */ = {
			isa = PBXGroup;
			children = (
				A11440D11C5B000200B75FB8 /* JRCalendarCommon.swift */,
				A11440D21C5B000200B75FB8 /* JRCalendarDayModel.swift */,
				A11440D31C5B000200B75FB8 /* JRCalendarGridView.swift */,
				A11440D41C5B000200B75FB8 /* JRCalendarGridViewTile.swift */,
				A11440D51C5B000200B75FB8 /* JRCalendarModel.swift */,
				A11440D61C5B000200B75FB8 /* JRCalendarPickerView.xib */,
				A11440D71C5B000200B75FB8 /* JRCalendarView.swift */,
				A11440D81C5B000200B75FB8 /* JRMonthPicker.swift */,
				A11440D91C5B000200B75FB8 /* NSDateExtension.swift */,
			);
			path = JRCalendar;
			sourceTree = "<group>";
		};
		A11440DA1C5B000200B75FB8 /* JRCardSwitchView */ = {
			isa = PBXGroup;
			children = (
				A11440DB1C5B000200B75FB8 /* JRCardSwitchingView.swift */,
			);
			path = JRCardSwitchView;
			sourceTree = "<group>";
		};
		A11440DC1C5B000200B75FB8 /* JRCarousel */ = {
			isa = PBXGroup;
			children = (
				A11440DD1C5B000200B75FB8 /* JRCarouselView.swift */,
			);
			path = JRCarousel;
			sourceTree = "<group>";
		};
		A11440DE1C5B000200B75FB8 /* JRCollapsibleSection */ = {
			isa = PBXGroup;
			children = (
				A11440DF1C5B000200B75FB8 /* JRCollapsibleTableViewCell.swift */,
				A11440E01C5B000200B75FB8 /* JRCollapsibleTableViewCell.xib */,
				A11440E11C5B000200B75FB8 /* JRCollapsibleTableViewHeader.swift */,
			);
			path = JRCollapsibleSection;
			sourceTree = "<group>";
		};
		A11440E21C5B000200B75FB8 /* JRCoverFlow */ = {
			isa = PBXGroup;
			children = (
				A11440E31C5B000200B75FB8 /* JRCoverFlowView.swift */,
			);
			path = JRCoverFlow;
			sourceTree = "<group>";
		};
		A11440E41C5B000200B75FB8 /* JRDualLinkage */ = {
			isa = PBXGroup;
			children = (
				A11440E51C5B000200B75FB8 /* JRDualLinkageView.swift */,
			);
			path = JRDualLinkage;
			sourceTree = "<group>";
		};
		A11440E61C5B000200B75FB8 /* JRGridView */ = {
			isa = PBXGroup;
			children = (
				A11440E71C5B000200B75FB8 /* JRGridView.swift */,
				A11440E81C5B000200B75FB8 /* JRGridViewTile.swift */,
			);
			path = JRGridView;
			sourceTree = "<group>";
		};
		A11440E91C5B000200B75FB8 /* JRPhotoBrowser */ = {
			isa = PBXGroup;
			children = (
				A11440EA1C5B000200B75FB8 /* JRPhotoBrowser.swift */,
			);
			path = JRPhotoBrowser;
			sourceTree = "<group>";
		};
		A11440EB1C5B000200B75FB8 /* JRPopWindow */ = {
			isa = PBXGroup;
			children = (
			);
			path = JRPopWindow;
			sourceTree = "<group>";
		};
		A11440EC1C5B000200B75FB8 /* JRRatingView */ = {
			isa = PBXGroup;
			children = (
				A11440ED1C5B000200B75FB8 /* JRRatingView.swift */,
			);
			path = JRRatingView;
			sourceTree = "<group>";
		};
		A11440EE1C5B000200B75FB8 /* JRReading */ = {
			isa = PBXGroup;
			children = (
				A11440EF1C5B000200B75FB8 /* JRReadingView.swift */,
				A11440F01C5B000200B75FB8 /* JRReadingViewController.swift */,
				A11440F11C5B000200B75FB8 /* JRReadingViewController.xib */,
			);
			path = JRReading;
			sourceTree = "<group>";
		};
		A11440F21C5B000200B75FB8 /* JRSingleDropdown */ = {
			isa = PBXGroup;
			children = (
				A11440F31C5B000200B75FB8 /* JRSingleDropdownMenu.swift */,
			);
			path = JRSingleDropdown;
			sourceTree = "<group>";
		};
		A11440F41C5B000200B75FB8 /* JRSinglePickerView */ = {
			isa = PBXGroup;
			children = (
				A11440F51C5B000200B75FB8 /* JRPickerView.swift */,
			);
			path = JRSinglePickerView;
			sourceTree = "<group>";
		};
		A11440F61C5B000200B75FB8 /* JRWebView */ = {
			isa = PBXGroup;
			children = (
				A11440F71C5B000200B75FB8 /* JRWebViewController.swift */,
				A11440F81C5B000200B75FB8 /* JRWebViewController.xib */,
			);
			path = JRWebView;
			sourceTree = "<group>";
		};
		A11440F91C5B000200B75FB8 /* JZCoverView */ = {
			isa = PBXGroup;
			children = (
				A11440FA1C5B000200B75FB8 /* JZCoverView.swift */,
			);
			path = JZCoverView;
			sourceTree = "<group>";
		};
		A11440FB1C5B000200B75FB8 /* JZMultiMenu */ = {
			isa = PBXGroup;
			children = (
				A11440FC1C5B000200B75FB8 /* JZMultiMenuView.swift */,
			);
			path = JZMultiMenu;
			sourceTree = "<group>";
		};
		A11440FD1C5B000200B75FB8 /* JZQRCode */ = {
			isa = PBXGroup;
			children = (
				A11440FE1C5B000200B75FB8 /* JZQRCodeScanningViewController.swift */,
				A11440FF1C5B000200B75FB8 /* JZQRCodeScanningViewController.xib */,
			);
			path = JZQRCode;
			sourceTree = "<group>";
		};
		A11441001C5B000200B75FB8 /* JZRadioButton */ = {
			isa = PBXGroup;
			children = (
				A11441011C5B000200B75FB8 /* JZRadioButton.swift */,
			);
			path = JZRadioButton;
			sourceTree = "<group>";
		};
		A11441021C5B000200B75FB8 /* JZShoppingCart */ = {
			isa = PBXGroup;
			children = (
			);
			path = JZShoppingCart;
			sourceTree = "<group>";
		};
		A11441031C5B000200B75FB8 /* SDKs */ = {
			isa = PBXGroup;
			children = (
			);
			path = SDKs;
			sourceTree = "<group>";
		};
		A11441041C5B000200B75FB8 /* Widgets */ = {
			isa = PBXGroup;
			children = (
			);
			path = Widgets;
			sourceTree = "<group>";
		};
		A114417E1C5B06BF00B75FB8 /* Util */ = {
			isa = PBXGroup;
			children = (
				A114417F1C5B06BF00B75FB8 /* Date&Time */,
				A11441811C5B06BF00B75FB8 /* Log */,
				A11441841C5B06BF00B75FB8 /* Mathematical */,
				A11441861C5B06BF00B75FB8 /* Network */,
				A11441881C5B06BF00B75FB8 /* Project */,
				A114418A1C5B06BF00B75FB8 /* String */,
				A114418B1C5B06BF00B75FB8 /* System */,
				A114418D1C5B06BF00B75FB8 /* View */,
			);
			path = Util;
			sourceTree = "<group>";
		};
		A114417F1C5B06BF00B75FB8 /* Date&Time */ = {
			isa = PBXGroup;
			children = (
				A11441801C5B06BF00B75FB8 /* DateUtil.swift */,
			);
			path = "Date&Time";
			sourceTree = "<group>";
		};
		A11441811C5B06BF00B75FB8 /* Log */ = {
			isa = PBXGroup;
			children = (
				A11441821C5B06BF00B75FB8 /* Log.swift */,
				A11441831C5B06BF00B75FB8 /* LogEnumeration.swift */,
			);
			path = Log;
			sourceTree = "<group>";
		};
		A11441841C5B06BF00B75FB8 /* Mathematical */ = {
			isa = PBXGroup;
			children = (
				A11441851C5B06BF00B75FB8 /* MathUtil.swift */,
			);
			path = Mathematical;
			sourceTree = "<group>";
		};
		A11441861C5B06BF00B75FB8 /* Network */ = {
			isa = PBXGroup;
			children = (
				A11441871C5B06BF00B75FB8 /* NetworkUtil.swift */,
			);
			path = Network;
			sourceTree = "<group>";
		};
		A11441881C5B06BF00B75FB8 /* Project */ = {
			isa = PBXGroup;
			children = (
				A11441891C5B06BF00B75FB8 /* ProjectUtil.swift */,
			);
			path = Project;
			sourceTree = "<group>";
		};
		A114418A1C5B06BF00B75FB8 /* String */ = {
			isa = PBXGroup;
			children = (
			);
			path = String;
			sourceTree = "<group>";
		};
		A114418B1C5B06BF00B75FB8 /* System */ = {
			isa = PBXGroup;
			children = (
				A114418C1C5B06BF00B75FB8 /* SystemUtil.swift */,
			);
			path = System;
			sourceTree = "<group>";
		};
		A114418D1C5B06BF00B75FB8 /* View */ = {
			isa = PBXGroup;
			children = (
			);
			path = View;
			sourceTree = "<group>";
		};
		BBAF65541BC0C12100CA709A = {
			isa = PBXGroup;
			children = (
				BBAF655F1BC0C12100CA709A /* JRNetworkingFramework */,
				BBAF65751BC0C12100CA709A /* JRNetworkingFrameworkTests */,
				BBAF655E1BC0C12100CA709A /* Products */,
				5BCB8D80F61260F710161F38 /* Pods */,
				197F66688D268244C6C63694 /* Frameworks */,
			);
			sourceTree = "<group>";
		};
		BBAF655E1BC0C12100CA709A /* Products */ = {
			isa = PBXGroup;
			children = (
				BBAF655D1BC0C12100CA709A /* JRNetworkingFramework.app */,
				BBAF65721BC0C12100CA709A /* JRNetworkingFrameworkTests.xctest */,
			);
			name = Products;
			sourceTree = "<group>";
		};
		BBAF655F1BC0C12100CA709A /* JRNetworkingFramework */ = {
			isa = PBXGroup;
			children = (
				A114406E1C5B000200B75FB8 /* Config */,
				A11440861C5B000200B75FB8 /* Helper */,
				A114408C1C5B000200B75FB8 /* Interface */,
				A11440C61C5B000200B75FB8 /* Lib */,
				A114417E1C5B06BF00B75FB8 /* Util */,
				BBAF65621BC0C12100CA709A /* AppDelegate.swift */,
				BBAF65661BC0C12100CA709A /* Main.storyboard */,
				BBAF65691BC0C12100CA709A /* Images.xcassets */,
				BBAF65601BC0C12100CA709A /* Supporting Files */,
			);
			path = JRNetworkingFramework;
			sourceTree = "<group>";
		};
		BBAF65601BC0C12100CA709A /* Supporting Files */ = {
			isa = PBXGroup;
			children = (
				BBAF65611BC0C12100CA709A /* Info.plist */,
			);
			name = "Supporting Files";
			sourceTree = "<group>";
		};
		BBAF65751BC0C12100CA709A /* JRNetworkingFrameworkTests */ = {
			isa = PBXGroup;
			children = (
				BBAF65781BC0C12100CA709A /* JRNetworkingFrameworkTests.swift */,
				BBAF65761BC0C12100CA709A /* Supporting Files */,
			);
			path = JRNetworkingFrameworkTests;
			sourceTree = "<group>";
		};
		BBAF65761BC0C12100CA709A /* Supporting Files */ = {
			isa = PBXGroup;
			children = (
				BBAF65771BC0C12100CA709A /* Info.plist */,
			);
			name = "Supporting Files";
			sourceTree = "<group>";
		};
/* End PBXGroup section */

/* Begin PBXNativeTarget section */
		BBAF655C1BC0C12100CA709A /* JRNetworkingFramework */ = {
			isa = PBXNativeTarget;
			buildConfigurationList = BBAF657C1BC0C12100CA709A /* Build configuration list for PBXNativeTarget "JRNetworkingFramework" */;
			buildPhases = (
				C131C2E279E588549689BDE4 /* Check Pods Manifest.lock */,
				BBAF65591BC0C12100CA709A /* Sources */,
				BBAF655A1BC0C12100CA709A /* Frameworks */,
				BBAF655B1BC0C12100CA709A /* Resources */,
				1B86FB12CFB136A96DC2DF3A /* Copy Pods Resources */,
				C5665B9DC84798CE232AB491 /* Embed Pods Frameworks */,
			);
			buildRules = (
			);
			dependencies = (
			);
			name = JRNetworkingFramework;
			productName = JRNetworkingFramework;
			productReference = BBAF655D1BC0C12100CA709A /* JRNetworkingFramework.app */;
			productType = "com.apple.product-type.application";
		};
		BBAF65711BC0C12100CA709A /* JRNetworkingFrameworkTests */ = {
			isa = PBXNativeTarget;
			buildConfigurationList = BBAF657F1BC0C12100CA709A /* Build configuration list for PBXNativeTarget "JRNetworkingFrameworkTests" */;
			buildPhases = (
				BBAF656E1BC0C12100CA709A /* Sources */,
				BBAF656F1BC0C12100CA709A /* Frameworks */,
				BBAF65701BC0C12100CA709A /* Resources */,
			);
			buildRules = (
			);
			dependencies = (
				BBAF65741BC0C12100CA709A /* PBXTargetDependency */,
			);
			name = JRNetworkingFrameworkTests;
			productName = JRNetworkingFrameworkTests;
			productReference = BBAF65721BC0C12100CA709A /* JRNetworkingFrameworkTests.xctest */;
			productType = "com.apple.product-type.bundle.unit-test";
		};
/* End PBXNativeTarget section */

/* Begin PBXProject section */
		BBAF65551BC0C12100CA709A /* Project object */ = {
			isa = PBXProject;
			attributes = {
				LastSwiftMigration = 0700;
				LastSwiftUpdateCheck = 0700;
				LastUpgradeCheck = 0700;
				ORGANIZATIONNAME = WeSwift;
				TargetAttributes = {
					BBAF655C1BC0C12100CA709A = {
						CreatedOnToolsVersion = 6.4;
					};
					BBAF65711BC0C12100CA709A = {
						CreatedOnToolsVersion = 6.4;
						TestTargetID = BBAF655C1BC0C12100CA709A;
					};
				};
			};
			buildConfigurationList = BBAF65581BC0C12100CA709A /* Build configuration list for PBXProject "JRNetworkingFramework" */;
			compatibilityVersion = "Xcode 3.2";
			developmentRegion = English;
			hasScannedForEncodings = 0;
			knownRegions = (
				en,
				Base,
				"zh-Hans",
				"zh-Hant",
			);
			mainGroup = BBAF65541BC0C12100CA709A;
			productRefGroup = BBAF655E1BC0C12100CA709A /* Products */;
			projectDirPath = "";
			projectRoot = "";
			targets = (
				BBAF655C1BC0C12100CA709A /* JRNetworkingFramework */,
				BBAF65711BC0C12100CA709A /* JRNetworkingFrameworkTests */,
			);
		};
/* End PBXProject section */

/* Begin PBXResourcesBuildPhase section */
		BBAF655B1BC0C12100CA709A /* Resources */ = {
			isa = PBXResourcesBuildPhase;
			buildActionMask = 2147483647;
			files = (
				A11441471C5B000200B75FB8 /* TabBarViewController.xib in Resources */,
				A11441361C5B000200B75FB8 /* DropdownMenuTestViewController.xib in Resources */,
				A114414B1C5B000200B75FB8 /* WebViewTestViewController.xib in Resources */,
				A11441611C5B000200B75FB8 /* JRCollapsibleTableViewCell.xib in Resources */,
				A114412E1C5B000200B75FB8 /* CalendarViewTestingViewController.xib in Resources */,
				BBAF65681BC0C12100CA709A /* Main.storyboard in Resources */,
				A11441341C5B000200B75FB8 /* CollapsibleSectionTestingViewController.xib in Resources */,
				A114412A1C5B000200B75FB8 /* GuideViewController.xib in Resources */,
				A11441411C5B000200B75FB8 /* RatingViewController.xib in Resources */,
				A11441321C5B000200B75FB8 /* CarouselTestingViewController.xib in Resources */,
				A114416F1C5B000200B75FB8 /* JRWebViewController.xib in Resources */,
				A11441261C5B000200B75FB8 /* HttpTableViewCell.xib in Resources */,
				A11441381C5B000200B75FB8 /* GridViewTestingViewController.xib in Resources */,
				A114413D1C5B000200B75FB8 /* PhotoBrowserTestingViewController.xib in Resources */,
				A114416B1C5B000200B75FB8 /* JRReadingViewController.xib in Resources */,
				A114412C1C5B000200B75FB8 /* HttpViewController.xib in Resources */,
				A11441301C5B000200B75FB8 /* CardSwitchingTestingViewController.xib in Resources */,
				A11441731C5B000200B75FB8 /* JZQRCodeScanningViewController.xib in Resources */,
				A114414E1C5B000200B75FB8 /* ResetPasswordViewController.xib in Resources */,
				A11441521C5B000200B75FB8 /* SignUpViewController.xib in Resources */,
				A114415A1C5B000200B75FB8 /* JRCalendarPickerView.xib in Resources */,
				A11441281C5B000200B75FB8 /* JZQRCodeScanningMaskView.xib in Resources */,
				A11441501C5B000200B75FB8 /* SignInViewController.xib in Resources */,
				A11441431C5B000200B75FB8 /* ReadingViewTestingViewController.xib in Resources */,
				A114413F1C5B000200B75FB8 /* ProgressBarTestingViewController.xib in Resources */,
				A11441451C5B000200B75FB8 /* SettingViewController.xib in Resources */,
				A11441201C5B000200B75FB8 /* Localization.strings in Resources */,
				A114413B1C5B000200B75FB8 /* MultiMenuTestingViewController.xib in Resources */,
				A11441491C5B000200B75FB8 /* TestingViewController.xib in Resources */,
				BBAF656A1BC0C12100CA709A /* Images.xcassets in Resources */,
			);
			runOnlyForDeploymentPostprocessing = 0;
		};
		BBAF65701BC0C12100CA709A /* Resources */ = {
			isa = PBXResourcesBuildPhase;
			buildActionMask = 2147483647;
			files = (
			);
			runOnlyForDeploymentPostprocessing = 0;
		};
/* End PBXResourcesBuildPhase section */

/* Begin PBXShellScriptBuildPhase section */
		1B86FB12CFB136A96DC2DF3A /* Copy Pods Resources */ = {
			isa = PBXShellScriptBuildPhase;
			buildActionMask = 2147483647;
			files = (
			);
			inputPaths = (
			);
			name = "Copy Pods Resources";
			outputPaths = (
			);
			runOnlyForDeploymentPostprocessing = 0;
			shellPath = /bin/sh;
			shellScript = "\"${SRCROOT}/Pods/Target Support Files/Pods/Pods-resources.sh\"\n";
			showEnvVarsInLog = 0;
		};
		C131C2E279E588549689BDE4 /* Check Pods Manifest.lock */ = {
			isa = PBXShellScriptBuildPhase;
			buildActionMask = 2147483647;
			files = (
			);
			inputPaths = (
			);
			name = "Check Pods Manifest.lock";
			outputPaths = (
			);
			runOnlyForDeploymentPostprocessing = 0;
			shellPath = /bin/sh;
			shellScript = "diff \"${PODS_ROOT}/../Podfile.lock\" \"${PODS_ROOT}/Manifest.lock\" > /dev/null\nif [[ $? != 0 ]] ; then\n    cat << EOM\nerror: The sandbox is not in sync with the Podfile.lock. Run 'pod install' or update your CocoaPods installation.\nEOM\n    exit 1\nfi\n";
			showEnvVarsInLog = 0;
		};
		C5665B9DC84798CE232AB491 /* Embed Pods Frameworks */ = {
			isa = PBXShellScriptBuildPhase;
			buildActionMask = 2147483647;
			files = (
			);
			inputPaths = (
			);
			name = "Embed Pods Frameworks";
			outputPaths = (
			);
			runOnlyForDeploymentPostprocessing = 0;
			shellPath = /bin/sh;
			shellScript = "\"${SRCROOT}/Pods/Target Support Files/Pods/Pods-frameworks.sh\"\n";
			showEnvVarsInLog = 0;
		};
/* End PBXShellScriptBuildPhase section */

/* Begin PBXSourcesBuildPhase section */
		BBAF65591BC0C12100CA709A /* Sources */ = {
			isa = PBXSourcesBuildPhase;
			buildActionMask = 2147483647;
			files = (
				A11441461C5B000200B75FB8 /* TabBarViewController.swift in Sources */,
				A11441691C5B000200B75FB8 /* JRReadingView.swift in Sources */,
				A114415C1C5B000200B75FB8 /* JRMonthPicker.swift in Sources */,
				A114413E1C5B000200B75FB8 /* ProgressBarTestingViewController.swift in Sources */,
				BBAF65631BC0C12100CA709A /* AppDelegate.swift in Sources */,
				A114418E1C5B06BF00B75FB8 /* DateUtil.swift in Sources */,
				A11441211C5B000200B75FB8 /* Localization.swift in Sources */,
				A11441911C5B06BF00B75FB8 /* MathUtil.swift in Sources */,
				A114413C1C5B000200B75FB8 /* PhotoBrowserTestingViewController.swift in Sources */,
				A114416C1C5B000200B75FB8 /* JRSingleDropdownMenu.swift in Sources */,
				A11441741C5B000200B75FB8 /* JZRadioButton.swift in Sources */,
				A114411A1C5B000200B75FB8 /* CoreAnimationExtension.swift in Sources */,
				A11441541C5B000200B75FB8 /* JZTabMenuBar.m in Sources */,
				A114414A1C5B000200B75FB8 /* WebViewTestViewController.swift in Sources */,
				A11441271C5B000200B75FB8 /* JZQRCodeScanningMaskView.swift in Sources */,
				A11441671C5B000200B75FB8 /* JRPhotoBrowser.swift in Sources */,
				A11441681C5B000200B75FB8 /* JRRatingView.swift in Sources */,
				A11441661C5B000200B75FB8 /* JRGridViewTile.swift in Sources */,
				A11441571C5B000200B75FB8 /* JRCalendarGridView.swift in Sources */,
				A114412B1C5B000200B75FB8 /* HttpViewController.swift in Sources */,
				A11441921C5B06BF00B75FB8 /* NetworkUtil.swift in Sources */,
				A114415D1C5B000200B75FB8 /* NSDateExtension.swift in Sources */,
				A114416A1C5B000200B75FB8 /* JRReadingViewController.swift in Sources */,
				A11441651C5B000200B75FB8 /* JRGridView.swift in Sources */,
				A11441631C5B000200B75FB8 /* JRCoverFlowView.swift in Sources */,
				A11441221C5B000200B75FB8 /* LocationHandler.swift in Sources */,
				A114414C1C5B000200B75FB8 /* RootViewController.swift in Sources */,
				A11441621C5B000200B75FB8 /* JRCollapsibleTableViewHeader.swift in Sources */,
				A11441181C5B000200B75FB8 /* Enumerate.swift in Sources */,
				A11441421C5B000200B75FB8 /* ReadingViewTestingViewController.swift in Sources */,
				A114416D1C5B000200B75FB8 /* JRPickerView.swift in Sources */,
				A114415E1C5B000200B75FB8 /* JRCardSwitchingView.swift in Sources */,
				A114411B1C5B000200B75FB8 /* CoreGraphicsExtension.swift in Sources */,
				A11441251C5B000200B75FB8 /* HttpTableViewCell.swift in Sources */,
				A11441171C5B000200B75FB8 /* Constants.swift in Sources */,
				A114411E1C5B000200B75FB8 /* SwiftExtension.swift in Sources */,
				A11441551C5B000200B75FB8 /* JRCalendarCommon.swift in Sources */,
				A11441601C5B000200B75FB8 /* JRCollapsibleTableViewCell.swift in Sources */,
				A11441311C5B000200B75FB8 /* CarouselTestingViewController.swift in Sources */,
				A11441371C5B000200B75FB8 /* GridViewTestingViewController.swift in Sources */,
				A114415B1C5B000200B75FB8 /* JRCalendarView.swift in Sources */,
				A114415F1C5B000200B75FB8 /* JRCarouselView.swift in Sources */,
				A11441901C5B06BF00B75FB8 /* LogEnumeration.swift in Sources */,
				A114412D1C5B000200B75FB8 /* CalendarViewTestingViewController.swift in Sources */,
				A11441591C5B000200B75FB8 /* JRCalendarModel.swift in Sources */,
				A11441481C5B000200B75FB8 /* TestingViewController.swift in Sources */,
				A11441531C5B000200B75FB8 /* JZProgressBar.m in Sources */,
				A11441701C5B000200B75FB8 /* JZCoverView.swift in Sources */,
				A11441391C5B000200B75FB8 /* JRDualLinkageViewController.swift in Sources */,
				A11441931C5B06BF00B75FB8 /* ProjectUtil.swift in Sources */,
				A11441291C5B000200B75FB8 /* GuideViewController.swift in Sources */,
				A114418F1C5B06BF00B75FB8 /* Log.swift in Sources */,
				A114413A1C5B000200B75FB8 /* MultiMenuTestingViewController.swift in Sources */,
				A11441331C5B000200B75FB8 /* CollapsibleSectionTestingViewController.swift in Sources */,
				A11441351C5B000200B75FB8 /* DropdownMenuTestViewController.swift in Sources */,
				A11441511C5B000200B75FB8 /* SignUpViewController.swift in Sources */,
				A11441241C5B000200B75FB8 /* UserModel.swift in Sources */,
				A114414D1C5B000200B75FB8 /* ResetPasswordViewController.swift in Sources */,
				A11441561C5B000200B75FB8 /* JRCalendarDayModel.swift in Sources */,
				A114412F1C5B000200B75FB8 /* CardSwitchingTestingViewController.swift in Sources */,
				A11441641C5B000200B75FB8 /* JRDualLinkageView.swift in Sources */,
				A114416E1C5B000200B75FB8 /* JRWebViewController.swift in Sources */,
				A11441941C5B06BF00B75FB8 /* SystemUtil.swift in Sources */,
				A114414F1C5B000200B75FB8 /* SignInViewController.swift in Sources */,
				A11441581C5B000200B75FB8 /* JRCalendarGridViewTile.swift in Sources */,
				A11441191C5B000200B75FB8 /* Protocol.swift in Sources */,
				A11441711C5B000200B75FB8 /* JZMultiMenuView.swift in Sources */,
				A11441721C5B000200B75FB8 /* JZQRCodeScanningViewController.swift in Sources */,
				A114411D1C5B000200B75FB8 /* OtherExtension.swift in Sources */,
				A11441441C5B000200B75FB8 /* SettingViewController.swift in Sources */,
				A11441231C5B000200B75FB8 /* SystemHelper.swift in Sources */,
				A114411F1C5B000200B75FB8 /* UIKitExtension.swift in Sources */,
				A11441401C5B000200B75FB8 /* RatingViewController.swift in Sources */,
				A114411C1C5B000200B75FB8 /* FoundationExtension.swift in Sources */,
			);
			runOnlyForDeploymentPostprocessing = 0;
		};
		BBAF656E1BC0C12100CA709A /* Sources */ = {
			isa = PBXSourcesBuildPhase;
			buildActionMask = 2147483647;
			files = (
				BBAF65791BC0C12100CA709A /* JRNetworkingFrameworkTests.swift in Sources */,
			);
			runOnlyForDeploymentPostprocessing = 0;
		};
/* End PBXSourcesBuildPhase section */

/* Begin PBXTargetDependency section */
		BBAF65741BC0C12100CA709A /* PBXTargetDependency */ = {
			isa = PBXTargetDependency;
			target = BBAF655C1BC0C12100CA709A /* JRNetworkingFramework */;
			targetProxy = BBAF65731BC0C12100CA709A /* PBXContainerItemProxy */;
		};
/* End PBXTargetDependency section */

/* Begin PBXVariantGroup section */
		A114407E1C5B000200B75FB8 /* Localization.strings */ = {
			isa = PBXVariantGroup;
			children = (
				A114407F1C5B000200B75FB8 /* en */,
				A11440811C5B000200B75FB8 /* zh-Hans */,
				A11440821C5B000200B75FB8 /* zh-Hant */,
			);
			name = Localization.strings;
			sourceTree = "<group>";
		};
		BBAF65661BC0C12100CA709A /* Main.storyboard */ = {
			isa = PBXVariantGroup;
			children = (
				BBAF65671BC0C12100CA709A /* Base */,
			);
			name = Main.storyboard;
			sourceTree = "<group>";
		};
/* End PBXVariantGroup section */

/* Begin XCBuildConfiguration section */
		BBAF657A1BC0C12100CA709A /* Debug */ = {
			isa = XCBuildConfiguration;
			buildSettings = {
				ALWAYS_SEARCH_USER_PATHS = NO;
				CLANG_CXX_LANGUAGE_STANDARD = "gnu++0x";
				CLANG_CXX_LIBRARY = "libc++";
				CLANG_ENABLE_MODULES = YES;
				CLANG_ENABLE_OBJC_ARC = YES;
				CLANG_WARN_BOOL_CONVERSION = YES;
				CLANG_WARN_CONSTANT_CONVERSION = YES;
				CLANG_WARN_DIRECT_OBJC_ISA_USAGE = YES_ERROR;
				CLANG_WARN_EMPTY_BODY = YES;
				CLANG_WARN_ENUM_CONVERSION = YES;
				CLANG_WARN_INT_CONVERSION = YES;
				CLANG_WARN_OBJC_ROOT_CLASS = YES_ERROR;
				CLANG_WARN_UNREACHABLE_CODE = YES;
				CLANG_WARN__DUPLICATE_METHOD_MATCH = YES;
				"CODE_SIGN_IDENTITY[sdk=iphoneos*]" = "iPhone Developer";
				COPY_PHASE_STRIP = NO;
				DEBUG_INFORMATION_FORMAT = "dwarf-with-dsym";
				ENABLE_STRICT_OBJC_MSGSEND = YES;
				ENABLE_TESTABILITY = YES;
				GCC_C_LANGUAGE_STANDARD = gnu99;
				GCC_DYNAMIC_NO_PIC = NO;
				GCC_NO_COMMON_BLOCKS = YES;
				GCC_OPTIMIZATION_LEVEL = 0;
				GCC_PREPROCESSOR_DEFINITIONS = (
					"DEBUG=1",
					"$(inherited)",
				);
				GCC_SYMBOLS_PRIVATE_EXTERN = NO;
				GCC_WARN_64_TO_32_BIT_CONVERSION = YES;
				GCC_WARN_ABOUT_RETURN_TYPE = YES_ERROR;
				GCC_WARN_UNDECLARED_SELECTOR = YES;
				GCC_WARN_UNINITIALIZED_AUTOS = YES_AGGRESSIVE;
				GCC_WARN_UNUSED_FUNCTION = YES;
				GCC_WARN_UNUSED_VARIABLE = YES;
				IPHONEOS_DEPLOYMENT_TARGET = 9.0;
				MTL_ENABLE_DEBUG_INFO = YES;
				ONLY_ACTIVE_ARCH = YES;
				SDKROOT = iphoneos;
				SWIFT_OPTIMIZATION_LEVEL = "-Onone";
			};
			name = Debug;
		};
		BBAF657B1BC0C12100CA709A /* Release */ = {
			isa = XCBuildConfiguration;
			buildSettings = {
				ALWAYS_SEARCH_USER_PATHS = NO;
				CLANG_CXX_LANGUAGE_STANDARD = "gnu++0x";
				CLANG_CXX_LIBRARY = "libc++";
				CLANG_ENABLE_MODULES = YES;
				CLANG_ENABLE_OBJC_ARC = YES;
				CLANG_WARN_BOOL_CONVERSION = YES;
				CLANG_WARN_CONSTANT_CONVERSION = YES;
				CLANG_WARN_DIRECT_OBJC_ISA_USAGE = YES_ERROR;
				CLANG_WARN_EMPTY_BODY = YES;
				CLANG_WARN_ENUM_CONVERSION = YES;
				CLANG_WARN_INT_CONVERSION = YES;
				CLANG_WARN_OBJC_ROOT_CLASS = YES_ERROR;
				CLANG_WARN_UNREACHABLE_CODE = YES;
				CLANG_WARN__DUPLICATE_METHOD_MATCH = YES;
				"CODE_SIGN_IDENTITY[sdk=iphoneos*]" = "iPhone Developer";
				COPY_PHASE_STRIP = NO;
				DEBUG_INFORMATION_FORMAT = "dwarf-with-dsym";
				ENABLE_NS_ASSERTIONS = NO;
				ENABLE_STRICT_OBJC_MSGSEND = YES;
				GCC_C_LANGUAGE_STANDARD = gnu99;
				GCC_NO_COMMON_BLOCKS = YES;
				GCC_WARN_64_TO_32_BIT_CONVERSION = YES;
				GCC_WARN_ABOUT_RETURN_TYPE = YES_ERROR;
				GCC_WARN_UNDECLARED_SELECTOR = YES;
				GCC_WARN_UNINITIALIZED_AUTOS = YES_AGGRESSIVE;
				GCC_WARN_UNUSED_FUNCTION = YES;
				GCC_WARN_UNUSED_VARIABLE = YES;
				IPHONEOS_DEPLOYMENT_TARGET = 9.0;
				MTL_ENABLE_DEBUG_INFO = NO;
				SDKROOT = iphoneos;
				VALIDATE_PRODUCT = YES;
			};
			name = Release;
		};
		BBAF657D1BC0C12100CA709A /* Debug */ = {
			isa = XCBuildConfiguration;
			baseConfigurationReference = 53CD30C8E7354E6741C1495D /* Pods.debug.xcconfig */;
			buildSettings = {
				ASSETCATALOG_COMPILER_APPICON_NAME = AppIcon;
				ASSETCATALOG_COMPILER_LAUNCHIMAGE_NAME = LaunchImage;
				INFOPLIST_FILE = JRNetworkingFramework/Info.plist;
				IPHONEOS_DEPLOYMENT_TARGET = 8.0;
				LD_RUNPATH_SEARCH_PATHS = "$(inherited) @executable_path/Frameworks";
				OTHER_SWIFT_FLAGS = "-D DEBUG";
				PRODUCT_BUNDLE_IDENTIFIER = "com.JasonChen.$(PRODUCT_NAME:rfc1034identifier)";
				PRODUCT_NAME = "$(TARGET_NAME)";
				SWIFT_OBJC_BRIDGING_HEADER = "$(PRODUCT_NAME)/Config/Properties/Bridging-Header.h";
			};
			name = Debug;
		};
		BBAF657E1BC0C12100CA709A /* Release */ = {
			isa = XCBuildConfiguration;
			baseConfigurationReference = 043844D5E8C2F221A2212F79 /* Pods.release.xcconfig */;
			buildSettings = {
				ASSETCATALOG_COMPILER_APPICON_NAME = AppIcon;
				ASSETCATALOG_COMPILER_LAUNCHIMAGE_NAME = LaunchImage;
				INFOPLIST_FILE = JRNetworkingFramework/Info.plist;
				IPHONEOS_DEPLOYMENT_TARGET = 8.0;
				LD_RUNPATH_SEARCH_PATHS = "$(inherited) @executable_path/Frameworks";
				OTHER_SWIFT_FLAGS = "";
				PRODUCT_BUNDLE_IDENTIFIER = "com.JasonChen.$(PRODUCT_NAME:rfc1034identifier)";
				PRODUCT_NAME = "$(TARGET_NAME)";
				SWIFT_OBJC_BRIDGING_HEADER = "$(PRODUCT_NAME)/Config/Properties/Bridging-Header.h";
			};
			name = Release;
		};
		BBAF65801BC0C12100CA709A /* Debug */ = {
			isa = XCBuildConfiguration;
			buildSettings = {
				BUNDLE_LOADER = "$(TEST_HOST)";
				FRAMEWORK_SEARCH_PATHS = (
					"$(SDKROOT)/Developer/Library/Frameworks",
					"$(inherited)",
				);
				GCC_PREPROCESSOR_DEFINITIONS = (
					"DEBUG=1",
					"$(inherited)",
				);
				INFOPLIST_FILE = JRNetworkingFrameworkTests/Info.plist;
				LD_RUNPATH_SEARCH_PATHS = "$(inherited) @executable_path/Frameworks @loader_path/Frameworks";
				PRODUCT_BUNDLE_IDENTIFIER = "com.qi-cloud.$(PRODUCT_NAME:rfc1034identifier)";
				PRODUCT_NAME = "$(TARGET_NAME)";
				TEST_HOST = "$(BUILT_PRODUCTS_DIR)/JRNetworkingFramework.app/JRNetworkingFramework";
			};
			name = Debug;
		};
		BBAF65811BC0C12100CA709A /* Release */ = {
			isa = XCBuildConfiguration;
			buildSettings = {
				BUNDLE_LOADER = "$(TEST_HOST)";
				FRAMEWORK_SEARCH_PATHS = (
					"$(SDKROOT)/Developer/Library/Frameworks",
					"$(inherited)",
				);
				INFOPLIST_FILE = JRNetworkingFrameworkTests/Info.plist;
				LD_RUNPATH_SEARCH_PATHS = "$(inherited) @executable_path/Frameworks @loader_path/Frameworks";
				PRODUCT_BUNDLE_IDENTIFIER = "com.qi-cloud.$(PRODUCT_NAME:rfc1034identifier)";
				PRODUCT_NAME = "$(TARGET_NAME)";
				TEST_HOST = "$(BUILT_PRODUCTS_DIR)/JRNetworkingFramework.app/JRNetworkingFramework";
			};
			name = Release;
		};
/* End XCBuildConfiguration section */

/* Begin XCConfigurationList section */
		BBAF65581BC0C12100CA709A /* Build configuration list for PBXProject "JRNetworkingFramework" */ = {
			isa = XCConfigurationList;
			buildConfigurations = (
				BBAF657A1BC0C12100CA709A /* Debug */,
				BBAF657B1BC0C12100CA709A /* Release */,
			);
			defaultConfigurationIsVisible = 0;
			defaultConfigurationName = Release;
		};
		BBAF657C1BC0C12100CA709A /* Build configuration list for PBXNativeTarget "JRNetworkingFramework" */ = {
			isa = XCConfigurationList;
			buildConfigurations = (
				BBAF657D1BC0C12100CA709A /* Debug */,
				BBAF657E1BC0C12100CA709A /* Release */,
			);
			defaultConfigurationIsVisible = 0;
			defaultConfigurationName = Release;
		};
		BBAF657F1BC0C12100CA709A /* Build configuration list for PBXNativeTarget "JRNetworkingFrameworkTests" */ = {
			isa = XCConfigurationList;
			buildConfigurations = (
				BBAF65801BC0C12100CA709A /* Debug */,
				BBAF65811BC0C12100CA709A /* Release */,
			);
			defaultConfigurationIsVisible = 0;
			defaultConfigurationName = Release;
		};
/* End XCConfigurationList section */
	};
	rootObject = BBAF65551BC0C12100CA709A /* Project object */;
}
